// !$*UTF8*$!
{
	archiveVersion = 1;
	classes = {
	};
	objectVersion = 46;
	objects = {

/* Begin PBXBuildFile section */
		6F0098AD1B01FEC800122C15 /* TcpSocketImpl.h in Headers */ = {isa = PBXBuildFile; fileRef = 6F0098AC1B01FEC800122C15 /* TcpSocketImpl.h */; };
		6F0098B11B03110100122C15 /* UdpSocketImpl.h in Headers */ = {isa = PBXBuildFile; fileRef = 6F0098B01B03110100122C15 /* UdpSocketImpl.h */; };
		6F0098B31B03124400122C15 /* TcpSocketImpl.cpp in Sources */ = {isa = PBXBuildFile; fileRef = 6F0098B21B03124400122C15 /* TcpSocketImpl.cpp */; };
		6F29634D1A18AB0D00C3C79B /* DataPacket.h in Headers */ = {isa = PBXBuildFile; fileRef = 6F2963411A18AB0D00C3C79B /* DataPacket.h */; };
		6F29634F1A18AB0D00C3C79B /* kmqueue.h in Headers */ = {isa = PBXBuildFile; fileRef = 6F2963431A18AB0D00C3C79B /* kmqueue.h */; };
		6F2963531A18AB0D00C3C79B /* kmtrace.cpp in Sources */ = {isa = PBXBuildFile; fileRef = 6F2963471A18AB0D00C3C79B /* kmtrace.cpp */; };
		6F2963541A18AB0D00C3C79B /* kmtrace.h in Headers */ = {isa = PBXBuildFile; fileRef = 6F2963481A18AB0D00C3C79B /* kmtrace.h */; };
		6F2963561A18AB0D00C3C79B /* util.cpp in Sources */ = {isa = PBXBuildFile; fileRef = 6F29634A1A18AB0D00C3C79B /* util.cpp */; };
		6F2963571A18AB0D00C3C79B /* util.h in Headers */ = {isa = PBXBuildFile; fileRef = 6F29634B1A18AB0D00C3C79B /* util.h */; };
		6F2D403E1B1834D300E24928 /* UdpSocketImpl.cpp in Sources */ = {isa = PBXBuildFile; fileRef = 6F2D403D1B1834D300E24928 /* UdpSocketImpl.cpp */; };
		6F2D40471B194AE200E24928 /* TimerManager.cpp in Sources */ = {isa = PBXBuildFile; fileRef = 6F2D40451B194AE200E24928 /* TimerManager.cpp */; };
		6F2D40481B194AE200E24928 /* TimerManager.h in Headers */ = {isa = PBXBuildFile; fileRef = 6F2D40461B194AE200E24928 /* TimerManager.h */; };
		6F4D603D1B9FCA61009132AF /* CoreFoundation.framework in Frameworks */ = {isa = PBXBuildFile; fileRef = 6F4D603C1B9FCA61009132AF /* CoreFoundation.framework */; };
		6F6208FB1A26BDB1000DAF4B /* kmconf.h in Headers */ = {isa = PBXBuildFile; fileRef = 6F6208F81A26BDB1000DAF4B /* kmconf.h */; };
		6F6208FD1A26BDB1000DAF4B /* kmapi.h in Headers */ = {isa = PBXBuildFile; fileRef = 6F6208FA1A26BDB1000DAF4B /* kmapi.h */; };
		6F852E431985EB2B00271D87 /* kuma-Prefix.pch in Headers */ = {isa = PBXBuildFile; fileRef = 6F852E421985EB2B00271D87 /* kuma-Prefix.pch */; };
		6F9E76761D365C43005E04B2 /* IHttpRequest.h in Headers */ = {isa = PBXBuildFile; fileRef = 6F9E76751D365C43005E04B2 /* IHttpRequest.h */; };
		6F9E76781D3665DA005E04B2 /* IHttpRequest.cpp in Sources */ = {isa = PBXBuildFile; fileRef = 6F9E76771D3665DA005E04B2 /* IHttpRequest.cpp */; };
		6F9E767A1D36758B005E04B2 /* httpdefs.h in Headers */ = {isa = PBXBuildFile; fileRef = 6F9E76791D36758B005E04B2 /* httpdefs.h */; };
		6FA951421A3808450033C9CF /* kmdefs.h in Headers */ = {isa = PBXBuildFile; fileRef = 6FA951411A3808450033C9CF /* kmdefs.h */; };
		6FBB2C901D139C430024550F /* IOPoll.h in Headers */ = {isa = PBXBuildFile; fileRef = 6FBB2C8C1D139C430024550F /* IOPoll.h */; };
		6FBB2C911D139C430024550F /* Notifier.h in Headers */ = {isa = PBXBuildFile; fileRef = 6FBB2C8D1D139C430024550F /* Notifier.h */; };
		6FBB2C921D139C430024550F /* SelectPoll.cpp in Sources */ = {isa = PBXBuildFile; fileRef = 6FBB2C8E1D139C430024550F /* SelectPoll.cpp */; };
		6FBB2C931D139C430024550F /* VPoll.cpp in Sources */ = {isa = PBXBuildFile; fileRef = 6FBB2C8F1D139C430024550F /* VPoll.cpp */; };
		6FBB2CA81D139C560024550F /* HttpParserImpl.cpp in Sources */ = {isa = PBXBuildFile; fileRef = 6FBB2C9A1D139C560024550F /* HttpParserImpl.cpp */; };
		6FBB2CA91D139C560024550F /* HttpParserImpl.h in Headers */ = {isa = PBXBuildFile; fileRef = 6FBB2C9B1D139C560024550F /* HttpParserImpl.h */; };
		6FBB2CAA1D139C560024550F /* HttpRequestImpl.cpp in Sources */ = {isa = PBXBuildFile; fileRef = 6FBB2C9C1D139C560024550F /* HttpRequestImpl.cpp */; };
		6FBB2CAB1D139C560024550F /* HttpRequestImpl.h in Headers */ = {isa = PBXBuildFile; fileRef = 6FBB2C9D1D139C560024550F /* HttpRequestImpl.h */; };
		6FBB2CAC1D139C560024550F /* HttpResponseImpl.cpp in Sources */ = {isa = PBXBuildFile; fileRef = 6FBB2C9E1D139C560024550F /* HttpResponseImpl.cpp */; };
		6FBB2CAD1D139C560024550F /* HttpResponseImpl.h in Headers */ = {isa = PBXBuildFile; fileRef = 6FBB2C9F1D139C560024550F /* HttpResponseImpl.h */; };
		6FBB2CAE1D139C560024550F /* Uri.cpp in Sources */ = {isa = PBXBuildFile; fileRef = 6FBB2CA01D139C560024550F /* Uri.cpp */; };
		6FBB2CAF1D139C560024550F /* Uri.h in Headers */ = {isa = PBXBuildFile; fileRef = 6FBB2CA11D139C560024550F /* Uri.h */; };
		6FBB2CB41D139C700024550F /* OpenSslLib.cpp in Sources */ = {isa = PBXBuildFile; fileRef = 6FBB2CB01D139C700024550F /* OpenSslLib.cpp */; };
		6FBB2CB51D139C700024550F /* OpenSslLib.h in Headers */ = {isa = PBXBuildFile; fileRef = 6FBB2CB11D139C700024550F /* OpenSslLib.h */; };
		6FBB2CB61D139C700024550F /* SslHandler.cpp in Sources */ = {isa = PBXBuildFile; fileRef = 6FBB2CB21D139C700024550F /* SslHandler.cpp */; };
		6FBB2CB71D139C700024550F /* SslHandler.h in Headers */ = {isa = PBXBuildFile; fileRef = 6FBB2CB31D139C700024550F /* SslHandler.h */; };
		6FBB2CBC1D139C990024550F /* WebSocketImpl.cpp in Sources */ = {isa = PBXBuildFile; fileRef = 6FBB2CB81D139C990024550F /* WebSocketImpl.cpp */; };
		6FBB2CBD1D139C990024550F /* WebSocketImpl.h in Headers */ = {isa = PBXBuildFile; fileRef = 6FBB2CB91D139C990024550F /* WebSocketImpl.h */; };
		6FBB2CBE1D139C990024550F /* WSHandler.cpp in Sources */ = {isa = PBXBuildFile; fileRef = 6FBB2CBA1D139C990024550F /* WSHandler.cpp */; };
		6FBB2CBF1D139C990024550F /* WSHandler.h in Headers */ = {isa = PBXBuildFile; fileRef = 6FBB2CBB1D139C990024550F /* WSHandler.h */; };
		6FE0EF001D409863006136B7 /* FrameParser.cpp in Sources */ = {isa = PBXBuildFile; fileRef = 6FE0EEF11D409863006136B7 /* FrameParser.cpp */; };
		6FE0EF011D409863006136B7 /* FrameParser.h in Headers */ = {isa = PBXBuildFile; fileRef = 6FE0EEF21D409863006136B7 /* FrameParser.h */; };
		6FE0EF021D409863006136B7 /* H2ConnectionImpl.cpp in Sources */ = {isa = PBXBuildFile; fileRef = 6FE0EEF31D409863006136B7 /* H2ConnectionImpl.cpp */; };
		6FE0EF031D409863006136B7 /* H2ConnectionImpl.h in Headers */ = {isa = PBXBuildFile; fileRef = 6FE0EEF41D409863006136B7 /* H2ConnectionImpl.h */; };
		6FE0EF041D409863006136B7 /* H2ConnectionMgr.cpp in Sources */ = {isa = PBXBuildFile; fileRef = 6FE0EEF51D409863006136B7 /* H2ConnectionMgr.cpp */; };
		6FE0EF051D409863006136B7 /* H2ConnectionMgr.h in Headers */ = {isa = PBXBuildFile; fileRef = 6FE0EEF61D409863006136B7 /* H2ConnectionMgr.h */; };
		6FE0EF061D409863006136B7 /* h2defs.h in Headers */ = {isa = PBXBuildFile; fileRef = 6FE0EEF71D409863006136B7 /* h2defs.h */; };
		6FE0EF071D409863006136B7 /* H2Frame.cpp in Sources */ = {isa = PBXBuildFile; fileRef = 6FE0EEF81D409863006136B7 /* H2Frame.cpp */; };
		6FE0EF081D409863006136B7 /* H2Frame.h in Headers */ = {isa = PBXBuildFile; fileRef = 6FE0EEF91D409863006136B7 /* H2Frame.h */; };
		6FE0EF091D409863006136B7 /* H2Request.cpp in Sources */ = {isa = PBXBuildFile; fileRef = 6FE0EEFA1D409863006136B7 /* H2Request.cpp */; };
		6FE0EF0A1D409863006136B7 /* H2Request.h in Headers */ = {isa = PBXBuildFile; fileRef = 6FE0EEFB1D409863006136B7 /* H2Request.h */; };
		6FE0EF0B1D409863006136B7 /* H2Response.cpp in Sources */ = {isa = PBXBuildFile; fileRef = 6FE0EEFC1D409863006136B7 /* H2Response.cpp */; };
		6FE0EF0C1D409863006136B7 /* H2Response.h in Headers */ = {isa = PBXBuildFile; fileRef = 6FE0EEFD1D409863006136B7 /* H2Response.h */; };
		6FE0EF0D1D409863006136B7 /* H2Stream.cpp in Sources */ = {isa = PBXBuildFile; fileRef = 6FE0EEFE1D409863006136B7 /* H2Stream.cpp */; };
		6FE0EF0E1D409863006136B7 /* H2Stream.h in Headers */ = {isa = PBXBuildFile; fileRef = 6FE0EEFF1D409863006136B7 /* H2Stream.h */; };
		6FE0EF141D40986D006136B7 /* HPacker.cpp in Sources */ = {isa = PBXBuildFile; fileRef = 6FE0EF0F1D40986D006136B7 /* HPacker.cpp */; };
		6FE0EF151D40986D006136B7 /* HPacker.h in Headers */ = {isa = PBXBuildFile; fileRef = 6FE0EF101D40986D006136B7 /* HPacker.h */; };
		6FE0EF161D40986D006136B7 /* HPackTable.cpp in Sources */ = {isa = PBXBuildFile; fileRef = 6FE0EF111D40986D006136B7 /* HPackTable.cpp */; };
		6FE0EF171D40986D006136B7 /* HPackTable.h in Headers */ = {isa = PBXBuildFile; fileRef = 6FE0EF121D40986D006136B7 /* HPackTable.h */; };
		6FE0EF181D40986D006136B7 /* StaticTable.h in Headers */ = {isa = PBXBuildFile; fileRef = 6FE0EF131D40986D006136B7 /* StaticTable.h */; };
		6FF211031B130A2F006603BB /* TcpListenerImpl.cpp in Sources */ = {isa = PBXBuildFile; fileRef = 6FF211011B130A2F006603BB /* TcpListenerImpl.cpp */; };
		6FF211041B130A2F006603BB /* TcpListenerImpl.h in Headers */ = {isa = PBXBuildFile; fileRef = 6FF211021B130A2F006603BB /* TcpListenerImpl.h */; };
		6FF211D81B1556FB006603BB /* evdefs.h in Headers */ = {isa = PBXBuildFile; fileRef = 6FF211D51B1556FB006603BB /* evdefs.h */; };
		6FF211D91B1556FB006603BB /* EventLoopImpl.cpp in Sources */ = {isa = PBXBuildFile; fileRef = 6FF211D61B1556FB006603BB /* EventLoopImpl.cpp */; };
		6FF211DA1B1556FB006603BB /* EventLoopImpl.h in Headers */ = {isa = PBXBuildFile; fileRef = 6FF211D71B1556FB006603BB /* EventLoopImpl.h */; };
		6FF212931B181103006603BB /* kmapi.cpp in Sources */ = {isa = PBXBuildFile; fileRef = 6FF212921B181103006603BB /* kmapi.cpp */; };
		6FF7478D1B29587D0007F34D /* base64.cpp in Sources */ = {isa = PBXBuildFile; fileRef = 6FF7478B1B29587D0007F34D /* base64.cpp */; };
		6FF7478E1B29587D0007F34D /* base64.h in Headers */ = {isa = PBXBuildFile; fileRef = 6FF7478C1B29587D0007F34D /* base64.h */; };
/* End PBXBuildFile section */

/* Begin PBXFileReference section */
		6F0098AC1B01FEC800122C15 /* TcpSocketImpl.h */ = {isa = PBXFileReference; fileEncoding = 4; lastKnownFileType = sourcecode.c.h; path = TcpSocketImpl.h; sourceTree = "<group>"; };
		6F0098B01B03110100122C15 /* UdpSocketImpl.h */ = {isa = PBXFileReference; fileEncoding = 4; lastKnownFileType = sourcecode.c.h; path = UdpSocketImpl.h; sourceTree = "<group>"; };
		6F0098B21B03124400122C15 /* TcpSocketImpl.cpp */ = {isa = PBXFileReference; fileEncoding = 4; lastKnownFileType = sourcecode.cpp.cpp; path = TcpSocketImpl.cpp; sourceTree = "<group>"; };
		6F2963411A18AB0D00C3C79B /* DataPacket.h */ = {isa = PBXFileReference; fileEncoding = 4; lastKnownFileType = sourcecode.c.h; name = DataPacket.h; path = ../../src/util/DataPacket.h; sourceTree = "<group>"; };
		6F2963431A18AB0D00C3C79B /* kmqueue.h */ = {isa = PBXFileReference; fileEncoding = 4; lastKnownFileType = sourcecode.c.h; name = kmqueue.h; path = ../../src/util/kmqueue.h; sourceTree = "<group>"; };
		6F2963471A18AB0D00C3C79B /* kmtrace.cpp */ = {isa = PBXFileReference; fileEncoding = 4; lastKnownFileType = sourcecode.cpp.cpp; name = kmtrace.cpp; path = ../../src/util/kmtrace.cpp; sourceTree = "<group>"; };
		6F2963481A18AB0D00C3C79B /* kmtrace.h */ = {isa = PBXFileReference; fileEncoding = 4; lastKnownFileType = sourcecode.c.h; name = kmtrace.h; path = ../../src/util/kmtrace.h; sourceTree = "<group>"; };
		6F29634A1A18AB0D00C3C79B /* util.cpp */ = {isa = PBXFileReference; fileEncoding = 4; lastKnownFileType = sourcecode.cpp.cpp; name = util.cpp; path = ../../src/util/util.cpp; sourceTree = "<group>"; };
		6F29634B1A18AB0D00C3C79B /* util.h */ = {isa = PBXFileReference; fileEncoding = 4; lastKnownFileType = sourcecode.c.h; name = util.h; path = ../../src/util/util.h; sourceTree = "<group>"; };
		6F2D403D1B1834D300E24928 /* UdpSocketImpl.cpp */ = {isa = PBXFileReference; fileEncoding = 4; lastKnownFileType = sourcecode.cpp.cpp; path = UdpSocketImpl.cpp; sourceTree = "<group>"; };
		6F2D40451B194AE200E24928 /* TimerManager.cpp */ = {isa = PBXFileReference; fileEncoding = 4; lastKnownFileType = sourcecode.cpp.cpp; path = TimerManager.cpp; sourceTree = "<group>"; };
		6F2D40461B194AE200E24928 /* TimerManager.h */ = {isa = PBXFileReference; fileEncoding = 4; lastKnownFileType = sourcecode.c.h; path = TimerManager.h; sourceTree = "<group>"; };
		6F4D603C1B9FCA61009132AF /* CoreFoundation.framework */ = {isa = PBXFileReference; lastKnownFileType = wrapper.framework; name = CoreFoundation.framework; path = System/Library/Frameworks/CoreFoundation.framework; sourceTree = SDKROOT; };
		6F6208F81A26BDB1000DAF4B /* kmconf.h */ = {isa = PBXFileReference; fileEncoding = 4; lastKnownFileType = sourcecode.c.h; path = kmconf.h; sourceTree = "<group>"; };
		6F6208FA1A26BDB1000DAF4B /* kmapi.h */ = {isa = PBXFileReference; fileEncoding = 4; lastKnownFileType = sourcecode.c.h; path = kmapi.h; sourceTree = "<group>"; };
		6F852DF11985E33000271D87 /* kuma.dylib */ = {isa = PBXFileReference; explicitFileType = "compiled.mach-o.dylib"; includeInIndex = 0; path = kuma.dylib; sourceTree = BUILT_PRODUCTS_DIR; };
		6F852E421985EB2B00271D87 /* kuma-Prefix.pch */ = {isa = PBXFileReference; fileEncoding = 4; lastKnownFileType = sourcecode.c.h; path = "kuma-Prefix.pch"; sourceTree = SOURCE_ROOT; };
		6F852E441985EB4700271D87 /* kumaProj.xcconfig */ = {isa = PBXFileReference; fileEncoding = 4; lastKnownFileType = text.xcconfig; path = kumaProj.xcconfig; sourceTree = "<group>"; };
		6F852E451985EB4700271D87 /* kumaTarget.xcconfig */ = {isa = PBXFileReference; fileEncoding = 4; lastKnownFileType = text.xcconfig; path = kumaTarget.xcconfig; sourceTree = "<group>"; };
		6F9E76751D365C43005E04B2 /* IHttpRequest.h */ = {isa = PBXFileReference; fileEncoding = 4; lastKnownFileType = sourcecode.c.h; path = IHttpRequest.h; sourceTree = "<group>"; };
		6F9E76771D3665DA005E04B2 /* IHttpRequest.cpp */ = {isa = PBXFileReference; fileEncoding = 4; lastKnownFileType = sourcecode.cpp.cpp; path = IHttpRequest.cpp; sourceTree = "<group>"; };
		6F9E76791D36758B005E04B2 /* httpdefs.h */ = {isa = PBXFileReference; fileEncoding = 4; lastKnownFileType = sourcecode.c.h; path = httpdefs.h; sourceTree = "<group>"; };
		6F9E76E71D3BB34E005E04B2 /* kmobject.h */ = {isa = PBXFileReference; lastKnownFileType = sourcecode.c.h; path = kmobject.h; sourceTree = "<group>"; };
		6FA951411A3808450033C9CF /* kmdefs.h */ = {isa = PBXFileReference; fileEncoding = 4; lastKnownFileType = sourcecode.c.h; path = kmdefs.h; sourceTree = "<group>"; };
		6FBB2C8C1D139C430024550F /* IOPoll.h */ = {isa = PBXFileReference; fileEncoding = 4; lastKnownFileType = sourcecode.c.h; path = IOPoll.h; sourceTree = "<group>"; };
		6FBB2C8D1D139C430024550F /* Notifier.h */ = {isa = PBXFileReference; fileEncoding = 4; lastKnownFileType = sourcecode.c.h; path = Notifier.h; sourceTree = "<group>"; };
		6FBB2C8E1D139C430024550F /* SelectPoll.cpp */ = {isa = PBXFileReference; fileEncoding = 4; lastKnownFileType = sourcecode.cpp.cpp; path = SelectPoll.cpp; sourceTree = "<group>"; };
		6FBB2C8F1D139C430024550F /* VPoll.cpp */ = {isa = PBXFileReference; fileEncoding = 4; lastKnownFileType = sourcecode.cpp.cpp; path = VPoll.cpp; sourceTree = "<group>"; };
		6FBB2C9A1D139C560024550F /* HttpParserImpl.cpp */ = {isa = PBXFileReference; fileEncoding = 4; lastKnownFileType = sourcecode.cpp.cpp; path = HttpParserImpl.cpp; sourceTree = "<group>"; };
		6FBB2C9B1D139C560024550F /* HttpParserImpl.h */ = {isa = PBXFileReference; fileEncoding = 4; lastKnownFileType = sourcecode.c.h; path = HttpParserImpl.h; sourceTree = "<group>"; };
		6FBB2C9C1D139C560024550F /* HttpRequestImpl.cpp */ = {isa = PBXFileReference; fileEncoding = 4; lastKnownFileType = sourcecode.cpp.cpp; path = HttpRequestImpl.cpp; sourceTree = "<group>"; };
		6FBB2C9D1D139C560024550F /* HttpRequestImpl.h */ = {isa = PBXFileReference; fileEncoding = 4; lastKnownFileType = sourcecode.c.h; path = HttpRequestImpl.h; sourceTree = "<group>"; };
		6FBB2C9E1D139C560024550F /* HttpResponseImpl.cpp */ = {isa = PBXFileReference; fileEncoding = 4; lastKnownFileType = sourcecode.cpp.cpp; path = HttpResponseImpl.cpp; sourceTree = "<group>"; };
		6FBB2C9F1D139C560024550F /* HttpResponseImpl.h */ = {isa = PBXFileReference; fileEncoding = 4; lastKnownFileType = sourcecode.c.h; path = HttpResponseImpl.h; sourceTree = "<group>"; };
		6FBB2CA01D139C560024550F /* Uri.cpp */ = {isa = PBXFileReference; fileEncoding = 4; lastKnownFileType = sourcecode.cpp.cpp; path = Uri.cpp; sourceTree = "<group>"; };
		6FBB2CA11D139C560024550F /* Uri.h */ = {isa = PBXFileReference; fileEncoding = 4; lastKnownFileType = sourcecode.c.h; path = Uri.h; sourceTree = "<group>"; };
		6FBB2CB01D139C700024550F /* OpenSslLib.cpp */ = {isa = PBXFileReference; fileEncoding = 4; lastKnownFileType = sourcecode.cpp.cpp; path = OpenSslLib.cpp; sourceTree = "<group>"; };
		6FBB2CB11D139C700024550F /* OpenSslLib.h */ = {isa = PBXFileReference; fileEncoding = 4; lastKnownFileType = sourcecode.c.h; path = OpenSslLib.h; sourceTree = "<group>"; };
		6FBB2CB21D139C700024550F /* SslHandler.cpp */ = {isa = PBXFileReference; fileEncoding = 4; lastKnownFileType = sourcecode.cpp.cpp; path = SslHandler.cpp; sourceTree = "<group>"; };
		6FBB2CB31D139C700024550F /* SslHandler.h */ = {isa = PBXFileReference; fileEncoding = 4; lastKnownFileType = sourcecode.c.h; path = SslHandler.h; sourceTree = "<group>"; };
		6FBB2CB81D139C990024550F /* WebSocketImpl.cpp */ = {isa = PBXFileReference; fileEncoding = 4; lastKnownFileType = sourcecode.cpp.cpp; path = WebSocketImpl.cpp; sourceTree = "<group>"; };
		6FBB2CB91D139C990024550F /* WebSocketImpl.h */ = {isa = PBXFileReference; fileEncoding = 4; lastKnownFileType = sourcecode.c.h; path = WebSocketImpl.h; sourceTree = "<group>"; };
		6FBB2CBA1D139C990024550F /* WSHandler.cpp */ = {isa = PBXFileReference; fileEncoding = 4; lastKnownFileType = sourcecode.cpp.cpp; path = WSHandler.cpp; sourceTree = "<group>"; };
		6FBB2CBB1D139C990024550F /* WSHandler.h */ = {isa = PBXFileReference; fileEncoding = 4; lastKnownFileType = sourcecode.c.h; path = WSHandler.h; sourceTree = "<group>"; };
		6FE0EEF11D409863006136B7 /* FrameParser.cpp */ = {isa = PBXFileReference; fileEncoding = 4; lastKnownFileType = sourcecode.cpp.cpp; path = FrameParser.cpp; sourceTree = "<group>"; };
		6FE0EEF21D409863006136B7 /* FrameParser.h */ = {isa = PBXFileReference; fileEncoding = 4; lastKnownFileType = sourcecode.c.h; path = FrameParser.h; sourceTree = "<group>"; };
		6FE0EEF31D409863006136B7 /* H2ConnectionImpl.cpp */ = {isa = PBXFileReference; fileEncoding = 4; lastKnownFileType = sourcecode.cpp.cpp; path = H2ConnectionImpl.cpp; sourceTree = "<group>"; };
		6FE0EEF41D409863006136B7 /* H2ConnectionImpl.h */ = {isa = PBXFileReference; fileEncoding = 4; lastKnownFileType = sourcecode.c.h; path = H2ConnectionImpl.h; sourceTree = "<group>"; };
		6FE0EEF51D409863006136B7 /* H2ConnectionMgr.cpp */ = {isa = PBXFileReference; fileEncoding = 4; lastKnownFileType = sourcecode.cpp.cpp; path = H2ConnectionMgr.cpp; sourceTree = "<group>"; };
		6FE0EEF61D409863006136B7 /* H2ConnectionMgr.h */ = {isa = PBXFileReference; fileEncoding = 4; lastKnownFileType = sourcecode.c.h; path = H2ConnectionMgr.h; sourceTree = "<group>"; };
		6FE0EEF71D409863006136B7 /* h2defs.h */ = {isa = PBXFileReference; fileEncoding = 4; lastKnownFileType = sourcecode.c.h; path = h2defs.h; sourceTree = "<group>"; };
		6FE0EEF81D409863006136B7 /* H2Frame.cpp */ = {isa = PBXFileReference; fileEncoding = 4; lastKnownFileType = sourcecode.cpp.cpp; path = H2Frame.cpp; sourceTree = "<group>"; };
		6FE0EEF91D409863006136B7 /* H2Frame.h */ = {isa = PBXFileReference; fileEncoding = 4; lastKnownFileType = sourcecode.c.h; path = H2Frame.h; sourceTree = "<group>"; };
		6FE0EEFA1D409863006136B7 /* H2Request.cpp */ = {isa = PBXFileReference; fileEncoding = 4; lastKnownFileType = sourcecode.cpp.cpp; path = H2Request.cpp; sourceTree = "<group>"; };
		6FE0EEFB1D409863006136B7 /* H2Request.h */ = {isa = PBXFileReference; fileEncoding = 4; lastKnownFileType = sourcecode.c.h; path = H2Request.h; sourceTree = "<group>"; };
		6FE0EEFC1D409863006136B7 /* H2Response.cpp */ = {isa = PBXFileReference; fileEncoding = 4; lastKnownFileType = sourcecode.cpp.cpp; path = H2Response.cpp; sourceTree = "<group>"; };
		6FE0EEFD1D409863006136B7 /* H2Response.h */ = {isa = PBXFileReference; fileEncoding = 4; lastKnownFileType = sourcecode.c.h; path = H2Response.h; sourceTree = "<group>"; };
		6FE0EEFE1D409863006136B7 /* H2Stream.cpp */ = {isa = PBXFileReference; fileEncoding = 4; lastKnownFileType = sourcecode.cpp.cpp; path = H2Stream.cpp; sourceTree = "<group>"; };
		6FE0EEFF1D409863006136B7 /* H2Stream.h */ = {isa = PBXFileReference; fileEncoding = 4; lastKnownFileType = sourcecode.c.h; path = H2Stream.h; sourceTree = "<group>"; };
		6FE0EF0F1D40986D006136B7 /* HPacker.cpp */ = {isa = PBXFileReference; fileEncoding = 4; lastKnownFileType = sourcecode.cpp.cpp; path = HPacker.cpp; sourceTree = "<group>"; };
		6FE0EF101D40986D006136B7 /* HPacker.h */ = {isa = PBXFileReference; fileEncoding = 4; lastKnownFileType = sourcecode.c.h; path = HPacker.h; sourceTree = "<group>"; };
		6FE0EF111D40986D006136B7 /* HPackTable.cpp */ = {isa = PBXFileReference; fileEncoding = 4; lastKnownFileType = sourcecode.cpp.cpp; path = HPackTable.cpp; sourceTree = "<group>"; };
		6FE0EF121D40986D006136B7 /* HPackTable.h */ = {isa = PBXFileReference; fileEncoding = 4; lastKnownFileType = sourcecode.c.h; path = HPackTable.h; sourceTree = "<group>"; };
		6FE0EF131D40986D006136B7 /* StaticTable.h */ = {isa = PBXFileReference; fileEncoding = 4; lastKnownFileType = sourcecode.c.h; path = StaticTable.h; sourceTree = "<group>"; };
		6FF211011B130A2F006603BB /* TcpListenerImpl.cpp */ = {isa = PBXFileReference; fileEncoding = 4; lastKnownFileType = sourcecode.cpp.cpp; path = TcpListenerImpl.cpp; sourceTree = "<group>"; };
		6FF211021B130A2F006603BB /* TcpListenerImpl.h */ = {isa = PBXFileReference; fileEncoding = 4; lastKnownFileType = sourcecode.c.h; path = TcpListenerImpl.h; sourceTree = "<group>"; };
		6FF211D51B1556FB006603BB /* evdefs.h */ = {isa = PBXFileReference; fileEncoding = 4; lastKnownFileType = sourcecode.c.h; path = evdefs.h; sourceTree = "<group>"; };
		6FF211D61B1556FB006603BB /* EventLoopImpl.cpp */ = {isa = PBXFileReference; fileEncoding = 4; lastKnownFileType = sourcecode.cpp.cpp; path = EventLoopImpl.cpp; sourceTree = "<group>"; };
		6FF211D71B1556FB006603BB /* EventLoopImpl.h */ = {isa = PBXFileReference; fileEncoding = 4; lastKnownFileType = sourcecode.c.h; path = EventLoopImpl.h; sourceTree = "<group>"; };
		6FF212921B181103006603BB /* kmapi.cpp */ = {isa = PBXFileReference; fileEncoding = 4; lastKnownFileType = sourcecode.cpp.cpp; path = kmapi.cpp; sourceTree = "<group>"; };
		6FF7478B1B29587D0007F34D /* base64.cpp */ = {isa = PBXFileReference; fileEncoding = 4; lastKnownFileType = sourcecode.cpp.cpp; path = base64.cpp; sourceTree = "<group>"; };
		6FF7478C1B29587D0007F34D /* base64.h */ = {isa = PBXFileReference; fileEncoding = 4; lastKnownFileType = sourcecode.c.h; path = base64.h; sourceTree = "<group>"; };
/* End PBXFileReference section */

/* Begin PBXFrameworksBuildPhase section */
		6F852DEE1985E33000271D87 /* Frameworks */ = {
			isa = PBXFrameworksBuildPhase;
			buildActionMask = 2147483647;
			files = (
				6F4D603D1B9FCA61009132AF /* CoreFoundation.framework in Frameworks */,
			);
			runOnlyForDeploymentPostprocessing = 0;
		};
/* End PBXFrameworksBuildPhase section */

/* Begin PBXGroup section */
		6F2963631A18AC4C00C3C79B /* poll */ = {
			isa = PBXGroup;
			children = (
				6FBB2C8C1D139C430024550F /* IOPoll.h */,
				6FBB2C8D1D139C430024550F /* Notifier.h */,
				6FBB2C8E1D139C430024550F /* SelectPoll.cpp */,
				6FBB2C8F1D139C430024550F /* VPoll.cpp */,
			);
			path = poll;
			sourceTree = "<group>";
		};
		6F852DE81985E33000271D87 = {
			isa = PBXGroup;
			children = (
				6F4D603C1B9FCA61009132AF /* CoreFoundation.framework */,
				6F852E441985EB4700271D87 /* kumaProj.xcconfig */,
				6F852E451985EB4700271D87 /* kumaTarget.xcconfig */,
				6F852DF31985E33000271D87 /* kuma */,
				6F852DF21985E33000271D87 /* Products */,
			);
			sourceTree = "<group>";
		};
		6F852DF21985E33000271D87 /* Products */ = {
			isa = PBXGroup;
			children = (
				6F852DF11985E33000271D87 /* kuma.dylib */,
			);
			name = Products;
			sourceTree = "<group>";
		};
		6F852DF31985E33000271D87 /* kuma */ = {
			isa = PBXGroup;
			children = (
				6FF746A41B201B250007F34D /* http */,
				6F2963631A18AC4C00C3C79B /* poll */,
				6FF211C61B1556B9006603BB /* ssl */,
				6F852E291985EB0500271D87 /* util */,
				6FF7476C1B27D6210007F34D /* ws */,
				6FF211D51B1556FB006603BB /* evdefs.h */,
				6FF211D61B1556FB006603BB /* EventLoopImpl.cpp */,
				6FF211D71B1556FB006603BB /* EventLoopImpl.h */,
				6F6208F81A26BDB1000DAF4B /* kmconf.h */,
				6FA951411A3808450033C9CF /* kmdefs.h */,
				6FF212921B181103006603BB /* kmapi.cpp */,
				6F6208FA1A26BDB1000DAF4B /* kmapi.h */,
				6FF211011B130A2F006603BB /* TcpListenerImpl.cpp */,
				6FF211021B130A2F006603BB /* TcpListenerImpl.h */,
				6F0098B21B03124400122C15 /* TcpSocketImpl.cpp */,
				6F0098AC1B01FEC800122C15 /* TcpSocketImpl.h */,
				6F2D40451B194AE200E24928 /* TimerManager.cpp */,
				6F2D40461B194AE200E24928 /* TimerManager.h */,
				6F2D403D1B1834D300E24928 /* UdpSocketImpl.cpp */,
				6F0098B01B03110100122C15 /* UdpSocketImpl.h */,
				6F852DF41985E33000271D87 /* Supporting Files */,
			);
			name = kuma;
			path = ../../src;
			sourceTree = "<group>";
		};
		6F852DF41985E33000271D87 /* Supporting Files */ = {
			isa = PBXGroup;
			children = (
				6F852E421985EB2B00271D87 /* kuma-Prefix.pch */,
			);
			name = "Supporting Files";
			sourceTree = "<group>";
		};
		6F852E291985EB0500271D87 /* util */ = {
			isa = PBXGroup;
			children = (
				6FF7478B1B29587D0007F34D /* base64.cpp */,
				6FF7478C1B29587D0007F34D /* base64.h */,
				6F2963411A18AB0D00C3C79B /* DataPacket.h */,
				6F2963431A18AB0D00C3C79B /* kmqueue.h */,
				6F2963471A18AB0D00C3C79B /* kmtrace.cpp */,
				6F2963481A18AB0D00C3C79B /* kmtrace.h */,
				6F29634A1A18AB0D00C3C79B /* util.cpp */,
				6F29634B1A18AB0D00C3C79B /* util.h */,
				6F9E76E71D3BB34E005E04B2 /* kmobject.h */,
			);
			path = util;
			sourceTree = "<group>";
		};
		6FE0EEEF1D40982B006136B7 /* v2 */ = {
			isa = PBXGroup;
			children = (
				6FE0EEF11D409863006136B7 /* FrameParser.cpp */,
				6FE0EEF21D409863006136B7 /* FrameParser.h */,
				6FE0EEF31D409863006136B7 /* H2ConnectionImpl.cpp */,
				6FE0EEF41D409863006136B7 /* H2ConnectionImpl.h */,
				6FE0EEF51D409863006136B7 /* H2ConnectionMgr.cpp */,
				6FE0EEF61D409863006136B7 /* H2ConnectionMgr.h */,
				6FE0EEF71D409863006136B7 /* h2defs.h */,
				6FE0EEF81D409863006136B7 /* H2Frame.cpp */,
				6FE0EEF91D409863006136B7 /* H2Frame.h */,
				6FE0EEFA1D409863006136B7 /* H2Request.cpp */,
				6FE0EEFB1D409863006136B7 /* H2Request.h */,
				6FE0EEFC1D409863006136B7 /* H2Response.cpp */,
				6FE0EEFD1D409863006136B7 /* H2Response.h */,
				6FE0EEFE1D409863006136B7 /* H2Stream.cpp */,
				6FE0EEFF1D409863006136B7 /* H2Stream.h */,
				6FE0EEF01D409838006136B7 /* hpack */,
			);
			path = v2;
			sourceTree = "<group>";
		};
		6FE0EEF01D409838006136B7 /* hpack */ = {
			isa = PBXGroup;
			children = (
				6FE0EF0F1D40986D006136B7 /* HPacker.cpp */,
				6FE0EF101D40986D006136B7 /* HPacker.h */,
				6FE0EF111D40986D006136B7 /* HPackTable.cpp */,
				6FE0EF121D40986D006136B7 /* HPackTable.h */,
				6FE0EF131D40986D006136B7 /* StaticTable.h */,
			);
			path = hpack;
			sourceTree = "<group>";
		};
		6FF211C61B1556B9006603BB /* ssl */ = {
			isa = PBXGroup;
			children = (
				6FBB2CB01D139C700024550F /* OpenSslLib.cpp */,
				6FBB2CB11D139C700024550F /* OpenSslLib.h */,
				6FBB2CB21D139C700024550F /* SslHandler.cpp */,
				6FBB2CB31D139C700024550F /* SslHandler.h */,
			);
			path = ssl;
			sourceTree = "<group>";
		};
		6FF746A41B201B250007F34D /* http */ = {
			isa = PBXGroup;
			children = (
				6FE0EEEF1D40982B006136B7 /* v2 */,
				6F9E76791D36758B005E04B2 /* httpdefs.h */,
				6F9E76771D3665DA005E04B2 /* IHttpRequest.cpp */,
				6F9E76751D365C43005E04B2 /* IHttpRequest.h */,
				6FBB2C9A1D139C560024550F /* HttpParserImpl.cpp */,
				6FBB2C9B1D139C560024550F /* HttpParserImpl.h */,
				6FBB2C9C1D139C560024550F /* HttpRequestImpl.cpp */,
				6FBB2C9D1D139C560024550F /* HttpRequestImpl.h */,
				6FBB2C9E1D139C560024550F /* HttpResponseImpl.cpp */,
				6FBB2C9F1D139C560024550F /* HttpResponseImpl.h */,
				6FBB2CA01D139C560024550F /* Uri.cpp */,
				6FBB2CA11D139C560024550F /* Uri.h */,
			);
			path = http;
			sourceTree = "<group>";
		};
		6FF7476C1B27D6210007F34D /* ws */ = {
			isa = PBXGroup;
			children = (
				6FBB2CB81D139C990024550F /* WebSocketImpl.cpp */,
				6FBB2CB91D139C990024550F /* WebSocketImpl.h */,
				6FBB2CBA1D139C990024550F /* WSHandler.cpp */,
				6FBB2CBB1D139C990024550F /* WSHandler.h */,
			);
			path = ws;
			sourceTree = "<group>";
		};
/* End PBXGroup section */

/* Begin PBXHeadersBuildPhase section */
		6F852DEF1985E33000271D87 /* Headers */ = {
			isa = PBXHeadersBuildPhase;
			buildActionMask = 2147483647;
			files = (
				6F6208FB1A26BDB1000DAF4B /* kmconf.h in Headers */,
				6FE0EF031D409863006136B7 /* H2ConnectionImpl.h in Headers */,
				6F2963571A18AB0D00C3C79B /* util.h in Headers */,
				6F0098AD1B01FEC800122C15 /* TcpSocketImpl.h in Headers */,
				6FE0EF081D409863006136B7 /* H2Frame.h in Headers */,
				6FBB2CA91D139C560024550F /* HttpParserImpl.h in Headers */,
				6F9E76761D365C43005E04B2 /* IHttpRequest.h in Headers */,
				6FE0EF171D40986D006136B7 /* HPackTable.h in Headers */,
				6F0098B11B03110100122C15 /* UdpSocketImpl.h in Headers */,
				6FBB2C901D139C430024550F /* IOPoll.h in Headers */,
				6FF211041B130A2F006603BB /* TcpListenerImpl.h in Headers */,
				6F29634D1A18AB0D00C3C79B /* DataPacket.h in Headers */,
				6FBB2CAF1D139C560024550F /* Uri.h in Headers */,
				6FE0EF061D409863006136B7 /* h2defs.h in Headers */,
				6F9E767A1D36758B005E04B2 /* httpdefs.h in Headers */,
				6FBB2CB51D139C700024550F /* OpenSslLib.h in Headers */,
				6FF211DA1B1556FB006603BB /* EventLoopImpl.h in Headers */,
				6FBB2CAB1D139C560024550F /* HttpRequestImpl.h in Headers */,
				6FBB2CBD1D139C990024550F /* WebSocketImpl.h in Headers */,
				6FE0EF181D40986D006136B7 /* StaticTable.h in Headers */,
				6FE0EF011D409863006136B7 /* FrameParser.h in Headers */,
				6FE0EF051D409863006136B7 /* H2ConnectionMgr.h in Headers */,
				6F852E431985EB2B00271D87 /* kuma-Prefix.pch in Headers */,
				6FA951421A3808450033C9CF /* kmdefs.h in Headers */,
				6F6208FD1A26BDB1000DAF4B /* kmapi.h in Headers */,
				6FBB2C911D139C430024550F /* Notifier.h in Headers */,
				6F2963541A18AB0D00C3C79B /* kmtrace.h in Headers */,
				6FE0EF0A1D409863006136B7 /* H2Request.h in Headers */,
				6FE0EF0E1D409863006136B7 /* H2Stream.h in Headers */,
				6F29634F1A18AB0D00C3C79B /* kmqueue.h in Headers */,
				6FE0EF0C1D409863006136B7 /* H2Response.h in Headers */,
				6FF7478E1B29587D0007F34D /* base64.h in Headers */,
				6FBB2CB71D139C700024550F /* SslHandler.h in Headers */,
				6FBB2CBF1D139C990024550F /* WSHandler.h in Headers */,
				6FF211D81B1556FB006603BB /* evdefs.h in Headers */,
				6FE0EF151D40986D006136B7 /* HPacker.h in Headers */,
				6F2D40481B194AE200E24928 /* TimerManager.h in Headers */,
				6FBB2CAD1D139C560024550F /* HttpResponseImpl.h in Headers */,
			);
			runOnlyForDeploymentPostprocessing = 0;
		};
/* End PBXHeadersBuildPhase section */

/* Begin PBXNativeTarget section */
		6F852DF01985E33000271D87 /* kuma */ = {
			isa = PBXNativeTarget;
			buildConfigurationList = 6F852DFE1985E33000271D87 /* Build configuration list for PBXNativeTarget "kuma" */;
			buildPhases = (
				6F852DED1985E33000271D87 /* Sources */,
				6F852DEE1985E33000271D87 /* Frameworks */,
				6F852DEF1985E33000271D87 /* Headers */,
			);
			buildRules = (
			);
			dependencies = (
			);
			name = kuma;
			productName = kuma;
			productReference = 6F852DF11985E33000271D87 /* kuma.dylib */;
			productType = "com.apple.product-type.library.dynamic";
		};
/* End PBXNativeTarget section */

/* Begin PBXProject section */
		6F852DE91985E33000271D87 /* Project object */ = {
			isa = PBXProject;
			attributes = {
				LastUpgradeCheck = 0510;
				ORGANIZATIONNAME = wme;
			};
			buildConfigurationList = 6F852DEC1985E33000271D87 /* Build configuration list for PBXProject "kuma" */;
			compatibilityVersion = "Xcode 3.2";
			developmentRegion = English;
			hasScannedForEncodings = 0;
			knownRegions = (
				en,
			);
			mainGroup = 6F852DE81985E33000271D87;
			productRefGroup = 6F852DF21985E33000271D87 /* Products */;
			projectDirPath = "";
			projectRoot = "";
			targets = (
				6F852DF01985E33000271D87 /* kuma */,
			);
		};
/* End PBXProject section */

/* Begin PBXSourcesBuildPhase section */
		6F852DED1985E33000271D87 /* Sources */ = {
			isa = PBXSourcesBuildPhase;
			buildActionMask = 2147483647;
			files = (
				6FBB2CB41D139C700024550F /* OpenSslLib.cpp in Sources */,
				6FBB2CAE1D139C560024550F /* Uri.cpp in Sources */,
				6FE0EF141D40986D006136B7 /* HPacker.cpp in Sources */,
				6FE0EF161D40986D006136B7 /* HPackTable.cpp in Sources */,
				6FE0EF0D1D409863006136B7 /* H2Stream.cpp in Sources */,
				6FBB2CAC1D139C560024550F /* HttpResponseImpl.cpp in Sources */,
				6F9E76781D3665DA005E04B2 /* IHttpRequest.cpp in Sources */,
				6FE0EF041D409863006136B7 /* H2ConnectionMgr.cpp in Sources */,
				6FE0EF001D409863006136B7 /* FrameParser.cpp in Sources */,
				6F0098B31B03124400122C15 /* TcpSocketImpl.cpp in Sources */,
				6F2D403E1B1834D300E24928 /* UdpSocketImpl.cpp in Sources */,
				6FBB2CB61D139C700024550F /* SslHandler.cpp in Sources */,
				6FBB2CAA1D139C560024550F /* HttpRequestImpl.cpp in Sources */,
				6FBB2C931D139C430024550F /* VPoll.cpp in Sources */,
				6FF212931B181103006603BB /* kmapi.cpp in Sources */,
				6FBB2CBC1D139C990024550F /* WebSocketImpl.cpp in Sources */,
				6FF211031B130A2F006603BB /* TcpListenerImpl.cpp in Sources */,
				6FE0EF0B1D409863006136B7 /* H2Response.cpp in Sources */,
				6FBB2CBE1D139C990024550F /* WSHandler.cpp in Sources */,
				6F2D40471B194AE200E24928 /* TimerManager.cpp in Sources */,
				6F2963531A18AB0D00C3C79B /* kmtrace.cpp in Sources */,
				6FE0EF071D409863006136B7 /* H2Frame.cpp in Sources */,
				6FF211D91B1556FB006603BB /* EventLoopImpl.cpp in Sources */,
				6FBB2C921D139C430024550F /* SelectPoll.cpp in Sources */,
				6F2963561A18AB0D00C3C79B /* util.cpp in Sources */,
				6FE0EF091D409863006136B7 /* H2Request.cpp in Sources */,
				6FBB2CA81D139C560024550F /* HttpParserImpl.cpp in Sources */,
				6FF7478D1B29587D0007F34D /* base64.cpp in Sources */,
				6FE0EF021D409863006136B7 /* H2ConnectionImpl.cpp in Sources */,
			);
			runOnlyForDeploymentPostprocessing = 0;
		};
/* End PBXSourcesBuildPhase section */

/* Begin XCBuildConfiguration section */
		6F852DFC1985E33000271D87 /* Debug */ = {
			isa = XCBuildConfiguration;
			buildSettings = {
				ALWAYS_SEARCH_USER_PATHS = NO;
				CLANG_CXX_LANGUAGE_STANDARD = "gnu++0x";
				CLANG_CXX_LIBRARY = "libc++";
				CLANG_ENABLE_MODULES = YES;
				CLANG_ENABLE_OBJC_ARC = YES;
				CLANG_WARN_BOOL_CONVERSION = YES;
				CLANG_WARN_CONSTANT_CONVERSION = YES;
				CLANG_WARN_DIRECT_OBJC_ISA_USAGE = YES_ERROR;
				CLANG_WARN_EMPTY_BODY = YES;
				CLANG_WARN_ENUM_CONVERSION = YES;
				CLANG_WARN_INT_CONVERSION = YES;
				CLANG_WARN_OBJC_ROOT_CLASS = YES_ERROR;
				CLANG_WARN__DUPLICATE_METHOD_MATCH = YES;
				COPY_PHASE_STRIP = NO;
				GCC_C_LANGUAGE_STANDARD = gnu99;
				GCC_DYNAMIC_NO_PIC = NO;
				GCC_ENABLE_OBJC_EXCEPTIONS = YES;
				GCC_OPTIMIZATION_LEVEL = 0;
				GCC_PREPROCESSOR_DEFINITIONS = (
					"DEBUG=1",
					"$(inherited)",
				);
				GCC_SYMBOLS_PRIVATE_EXTERN = NO;
				GCC_WARN_64_TO_32_BIT_CONVERSION = YES;
				GCC_WARN_ABOUT_RETURN_TYPE = YES_ERROR;
				GCC_WARN_UNDECLARED_SELECTOR = YES;
				GCC_WARN_UNINITIALIZED_AUTOS = YES_AGGRESSIVE;
				GCC_WARN_UNUSED_FUNCTION = YES;
				GCC_WARN_UNUSED_VARIABLE = YES;
				MACOSX_DEPLOYMENT_TARGET = 10.9;
				ONLY_ACTIVE_ARCH = YES;
				SDKROOT = macosx;
			};
			name = Debug;
		};
		6F852DFD1985E33000271D87 /* Release */ = {
			isa = XCBuildConfiguration;
			buildSettings = {
				ALWAYS_SEARCH_USER_PATHS = NO;
				CLANG_CXX_LANGUAGE_STANDARD = "gnu++0x";
				CLANG_CXX_LIBRARY = "libc++";
				CLANG_ENABLE_MODULES = YES;
				CLANG_ENABLE_OBJC_ARC = YES;
				CLANG_WARN_BOOL_CONVERSION = YES;
				CLANG_WARN_CONSTANT_CONVERSION = YES;
				CLANG_WARN_DIRECT_OBJC_ISA_USAGE = YES_ERROR;
				CLANG_WARN_EMPTY_BODY = YES;
				CLANG_WARN_ENUM_CONVERSION = YES;
				CLANG_WARN_INT_CONVERSION = YES;
				CLANG_WARN_OBJC_ROOT_CLASS = YES_ERROR;
				CLANG_WARN__DUPLICATE_METHOD_MATCH = YES;
				COPY_PHASE_STRIP = YES;
				DEBUG_INFORMATION_FORMAT = "dwarf-with-dsym";
				ENABLE_NS_ASSERTIONS = NO;
				GCC_C_LANGUAGE_STANDARD = gnu99;
				GCC_ENABLE_OBJC_EXCEPTIONS = YES;
				GCC_WARN_64_TO_32_BIT_CONVERSION = YES;
				GCC_WARN_ABOUT_RETURN_TYPE = YES_ERROR;
				GCC_WARN_UNDECLARED_SELECTOR = YES;
				GCC_WARN_UNINITIALIZED_AUTOS = YES_AGGRESSIVE;
				GCC_WARN_UNUSED_FUNCTION = YES;
				GCC_WARN_UNUSED_VARIABLE = YES;
				MACOSX_DEPLOYMENT_TARGET = 10.9;
				SDKROOT = macosx;
			};
			name = Release;
		};
		6F852DFF1985E33000271D87 /* Debug */ = {
			isa = XCBuildConfiguration;
			buildSettings = {
				GCC_PRECOMPILE_PREFIX_HEADER = YES;
				GCC_PREFIX_HEADER = "kuma-Prefix.pch";
				HEADER_SEARCH_PATHS = ../../vendor/openssl/include;
				INSTALL_PATH = .;
				LIBRARY_SEARCH_PATHS = ../../vendor/openssl/lib/osx;
				MACOSX_DEPLOYMENT_TARGET = 10.11;
				OBJROOT = ../../objs/osx;
				OTHER_LDFLAGS = (
					"-lssl",
					"-lcrypto",
				);
				PRODUCT_NAME = "$(TARGET_NAME)";
				SYMROOT = ../../bin/osx;
				USER_HEADER_SEARCH_PATHS = "../../src ../../vendor";
			};
			name = Debug;
		};
		6F852E001985E33000271D87 /* Release */ = {
			isa = XCBuildConfiguration;
			buildSettings = {
				GCC_PRECOMPILE_PREFIX_HEADER = YES;
				GCC_PREFIX_HEADER = "kuma-Prefix.pch";
				HEADER_SEARCH_PATHS = ../../vendor/openssl/include;
				INSTALL_PATH = .;
				LIBRARY_SEARCH_PATHS = ../../vendor/openssl/lib/osx;
				MACOSX_DEPLOYMENT_TARGET = 10.11;
				OBJROOT = ../../objs/osx;
				OTHER_LDFLAGS = (
					"-lssl",
					"-lcrypto",
				);
				PRODUCT_NAME = "$(TARGET_NAME)";
				SYMROOT = ../../bin/osx;
				USER_HEADER_SEARCH_PATHS = "../../src ../../vendor";
			};
			name = Release;
		};
/* End XCBuildConfiguration section */

/* Begin XCConfigurationList section */
		6F852DEC1985E33000271D87 /* Build configuration list for PBXProject "kuma" */ = {
			isa = XCConfigurationList;
			buildConfigurations = (
				6F852DFC1985E33000271D87 /* Debug */,
				6F852DFD1985E33000271D87 /* Release */,
			);
			defaultConfigurationIsVisible = 0;
			defaultConfigurationName = Release;
		};
		6F852DFE1985E33000271D87 /* Build configuration list for PBXNativeTarget "kuma" */ = {
			isa = XCConfigurationList;
			buildConfigurations = (
				6F852DFF1985E33000271D87 /* Debug */,
				6F852E001985E33000271D87 /* Release */,
			);
			defaultConfigurationIsVisible = 0;
			defaultConfigurationName = Release;
		};
/* End XCConfigurationList section */
	};
	rootObject = 6F852DE91985E33000271D87 /* Project object */;
}
