// !$*UTF8*$!
{
	archiveVersion = 1;
	classes = {
	};
	objectVersion = 46;
	objects = {

/* Begin PBXBuildFile section */
		6F66AC3D1C71B03F00BB37B9 /* TcpListenerImpl.cpp in Sources */ = {isa = PBXBuildFile; fileRef = 6F66AC3B1C71B03F00BB37B9 /* TcpListenerImpl.cpp */; };
		6F7D5FA71B33E9E6000FF2F8 /* libkuma.a in Frameworks */ = {isa = PBXBuildFile; fileRef = 6F7D5F9B1B33E9E6000FF2F8 /* libkuma.a */; };
		6F7D5FE41B33EC65000FF2F8 /* EventLoopImpl.cpp in Sources */ = {isa = PBXBuildFile; fileRef = 6F7D5FD51B33EC65000FF2F8 /* EventLoopImpl.cpp */; };
		6F7D5FE51B33EC65000FF2F8 /* kmapi.cpp in Sources */ = {isa = PBXBuildFile; fileRef = 6F7D5FD71B33EC65000FF2F8 /* kmapi.cpp */; };
		6F7D5FE81B33EC65000FF2F8 /* TcpSocketImpl.cpp in Sources */ = {isa = PBXBuildFile; fileRef = 6F7D5FDE1B33EC65000FF2F8 /* TcpSocketImpl.cpp */; };
		6F7D5FE91B33EC65000FF2F8 /* TimerManager.cpp in Sources */ = {isa = PBXBuildFile; fileRef = 6F7D5FE01B33EC65000FF2F8 /* TimerManager.cpp */; };
		6F7D5FEA1B33EC65000FF2F8 /* UdpSocketImpl.cpp in Sources */ = {isa = PBXBuildFile; fileRef = 6F7D5FE21B33EC65000FF2F8 /* UdpSocketImpl.cpp */; };
		6F84E9691D5B016C00AF8E3B /* TcpConnection.cpp in Sources */ = {isa = PBXBuildFile; fileRef = 6F84E9671D5B016C00AF8E3B /* TcpConnection.cpp */; };
		6F84E97C1D5B031300AF8E3B /* FrameParser.cpp in Sources */ = {isa = PBXBuildFile; fileRef = 6F84E96D1D5B031300AF8E3B /* FrameParser.cpp */; };
		6F84E97D1D5B031300AF8E3B /* H2ConnectionImpl.cpp in Sources */ = {isa = PBXBuildFile; fileRef = 6F84E96F1D5B031300AF8E3B /* H2ConnectionImpl.cpp */; };
		6F84E97E1D5B031300AF8E3B /* H2ConnectionMgr.cpp in Sources */ = {isa = PBXBuildFile; fileRef = 6F84E9711D5B031300AF8E3B /* H2ConnectionMgr.cpp */; };
		6F84E97F1D5B031300AF8E3B /* H2Frame.cpp in Sources */ = {isa = PBXBuildFile; fileRef = 6F84E9741D5B031300AF8E3B /* H2Frame.cpp */; };
		6F84E9801D5B031300AF8E3B /* Http2Request.cpp in Sources */ = {isa = PBXBuildFile; fileRef = 6F84E9761D5B031300AF8E3B /* Http2Request.cpp */; };
		6F84E9811D5B031300AF8E3B /* Http2Response.cpp in Sources */ = {isa = PBXBuildFile; fileRef = 6F84E9781D5B031300AF8E3B /* Http2Response.cpp */; };
		6F84E9821D5B031300AF8E3B /* H2Stream.cpp in Sources */ = {isa = PBXBuildFile; fileRef = 6F84E97A1D5B031300AF8E3B /* H2Stream.cpp */; };
		6F84E9891D5B032D00AF8E3B /* HPacker.cpp in Sources */ = {isa = PBXBuildFile; fileRef = 6F84E9841D5B032D00AF8E3B /* HPacker.cpp */; };
		6F84E98A1D5B032D00AF8E3B /* HPackTable.cpp in Sources */ = {isa = PBXBuildFile; fileRef = 6F84E9861D5B032D00AF8E3B /* HPackTable.cpp */; };
		6F91F1751D782EF8004A95B9 /* Http1xRequest.cpp in Sources */ = {isa = PBXBuildFile; fileRef = 6F91F1731D782EF8004A95B9 /* Http1xRequest.cpp */; };
		6F91F1771D782F1A004A95B9 /* Notifier.cpp in Sources */ = {isa = PBXBuildFile; fileRef = 6F91F1761D782F1A004A95B9 /* Notifier.cpp */; };
		6F91F1B41D7B29CB004A95B9 /* KQueue.cpp in Sources */ = {isa = PBXBuildFile; fileRef = 6F91F1B31D7B29CB004A95B9 /* KQueue.cpp */; };
		6FECED011C2138E700310F52 /* HttpParserImpl.cpp in Sources */ = {isa = PBXBuildFile; fileRef = 6FECECF91C2138E700310F52 /* HttpParserImpl.cpp */; };
		6FECED021C2138E700310F52 /* HttpRequestImpl.cpp in Sources */ = {isa = PBXBuildFile; fileRef = 6FECECFB1C2138E700310F52 /* HttpRequestImpl.cpp */; };
		6FECED031C2138E700310F52 /* HttpResponseImpl.cpp in Sources */ = {isa = PBXBuildFile; fileRef = 6FECECFD1C2138E700310F52 /* HttpResponseImpl.cpp */; };
		6FECED041C2138E700310F52 /* Uri.cpp in Sources */ = {isa = PBXBuildFile; fileRef = 6FECECFF1C2138E700310F52 /* Uri.cpp */; };
		6FECED0D1C2139A400310F52 /* SelectPoll.cpp in Sources */ = {isa = PBXBuildFile; fileRef = 6FECED0B1C2139A400310F52 /* SelectPoll.cpp */; };
		6FECED0E1C2139A400310F52 /* VPoll.cpp in Sources */ = {isa = PBXBuildFile; fileRef = 6FECED0C1C2139A400310F52 /* VPoll.cpp */; };
		6FECED131C2139B100310F52 /* OpenSslLib.cpp in Sources */ = {isa = PBXBuildFile; fileRef = 6FECED0F1C2139B100310F52 /* OpenSslLib.cpp */; };
		6FECED141C2139B100310F52 /* SslHandler.cpp in Sources */ = {isa = PBXBuildFile; fileRef = 6FECED111C2139B100310F52 /* SslHandler.cpp */; };
		6FECED1C1C2139CA00310F52 /* base64.cpp in Sources */ = {isa = PBXBuildFile; fileRef = 6FECED151C2139CA00310F52 /* base64.cpp */; };
		6FECED1D1C2139CA00310F52 /* kmtrace.cpp in Sources */ = {isa = PBXBuildFile; fileRef = 6FECED181C2139CA00310F52 /* kmtrace.cpp */; };
		6FECED1E1C2139CA00310F52 /* util.cpp in Sources */ = {isa = PBXBuildFile; fileRef = 6FECED1A1C2139CA00310F52 /* util.cpp */; };
		6FECED231C2139D600310F52 /* WebSocketImpl.cpp in Sources */ = {isa = PBXBuildFile; fileRef = 6FECED1F1C2139D600310F52 /* WebSocketImpl.cpp */; };
		6FECED241C2139D600310F52 /* WSHandler.cpp in Sources */ = {isa = PBXBuildFile; fileRef = 6FECED211C2139D600310F52 /* WSHandler.cpp */; };
/* End PBXBuildFile section */

/* Begin PBXContainerItemProxy section */
		6F7D5FA81B33E9E6000FF2F8 /* PBXContainerItemProxy */ = {
			isa = PBXContainerItemProxy;
			containerPortal = 6F7D5F931B33E9E6000FF2F8 /* Project object */;
			proxyType = 1;
			remoteGlobalIDString = 6F7D5F9A1B33E9E6000FF2F8;
			remoteInfo = kuma;
		};
/* End PBXContainerItemProxy section */

/* Begin PBXCopyFilesBuildPhase section */
		6F7D5F991B33E9E6000FF2F8 /* CopyFiles */ = {
			isa = PBXCopyFilesBuildPhase;
			buildActionMask = 2147483647;
			dstPath = "include/$(PRODUCT_NAME)";
			dstSubfolderSpec = 16;
			files = (
			);
			runOnlyForDeploymentPostprocessing = 0;
		};
/* End PBXCopyFilesBuildPhase section */

/* Begin PBXFileReference section */
		6F66AC3B1C71B03F00BB37B9 /* TcpListenerImpl.cpp */ = {isa = PBXFileReference; fileEncoding = 4; lastKnownFileType = sourcecode.cpp.cpp; name = TcpListenerImpl.cpp; path = ../../src/TcpListenerImpl.cpp; sourceTree = "<group>"; };
		6F66AC3C1C71B03F00BB37B9 /* TcpListenerImpl.h */ = {isa = PBXFileReference; fileEncoding = 4; lastKnownFileType = sourcecode.c.h; name = TcpListenerImpl.h; path = ../../src/TcpListenerImpl.h; sourceTree = "<group>"; };
		6F7D5F9B1B33E9E6000FF2F8 /* libkuma.a */ = {isa = PBXFileReference; explicitFileType = archive.ar; includeInIndex = 0; path = libkuma.a; sourceTree = BUILT_PRODUCTS_DIR; };
		6F7D5FA61B33E9E6000FF2F8 /* kumaTests.xctest */ = {isa = PBXFileReference; explicitFileType = wrapper.cfbundle; includeInIndex = 0; path = kumaTests.xctest; sourceTree = BUILT_PRODUCTS_DIR; };
		6F7D5FAC1B33E9E6000FF2F8 /* Info.plist */ = {isa = PBXFileReference; lastKnownFileType = text.plist.xml; path = Info.plist; sourceTree = "<group>"; };
		6F7D5FD41B33EC65000FF2F8 /* evdefs.h */ = {isa = PBXFileReference; fileEncoding = 4; lastKnownFileType = sourcecode.c.h; name = evdefs.h; path = ../../src/evdefs.h; sourceTree = "<group>"; };
		6F7D5FD51B33EC65000FF2F8 /* EventLoopImpl.cpp */ = {isa = PBXFileReference; fileEncoding = 4; lastKnownFileType = sourcecode.cpp.cpp; name = EventLoopImpl.cpp; path = ../../src/EventLoopImpl.cpp; sourceTree = "<group>"; };
		6F7D5FD61B33EC65000FF2F8 /* EventLoopImpl.h */ = {isa = PBXFileReference; fileEncoding = 4; lastKnownFileType = sourcecode.c.h; name = EventLoopImpl.h; path = ../../src/EventLoopImpl.h; sourceTree = "<group>"; };
		6F7D5FD71B33EC65000FF2F8 /* kmapi.cpp */ = {isa = PBXFileReference; fileEncoding = 4; lastKnownFileType = sourcecode.cpp.cpp; name = kmapi.cpp; path = ../../src/kmapi.cpp; sourceTree = "<group>"; };
		6F7D5FD81B33EC65000FF2F8 /* kmapi.h */ = {isa = PBXFileReference; fileEncoding = 4; lastKnownFileType = sourcecode.c.h; name = kmapi.h; path = ../../src/kmapi.h; sourceTree = "<group>"; };
		6F7D5FD91B33EC65000FF2F8 /* kmconf.h */ = {isa = PBXFileReference; fileEncoding = 4; lastKnownFileType = sourcecode.c.h; name = kmconf.h; path = ../../src/kmconf.h; sourceTree = "<group>"; };
		6F7D5FDA1B33EC65000FF2F8 /* kmdefs.h */ = {isa = PBXFileReference; fileEncoding = 4; lastKnownFileType = sourcecode.c.h; name = kmdefs.h; path = ../../src/kmdefs.h; sourceTree = "<group>"; };
		6F7D5FDE1B33EC65000FF2F8 /* TcpSocketImpl.cpp */ = {isa = PBXFileReference; fileEncoding = 4; lastKnownFileType = sourcecode.cpp.cpp; name = TcpSocketImpl.cpp; path = ../../src/TcpSocketImpl.cpp; sourceTree = "<group>"; };
		6F7D5FDF1B33EC65000FF2F8 /* TcpSocketImpl.h */ = {isa = PBXFileReference; fileEncoding = 4; lastKnownFileType = sourcecode.c.h; name = TcpSocketImpl.h; path = ../../src/TcpSocketImpl.h; sourceTree = "<group>"; };
		6F7D5FE01B33EC65000FF2F8 /* TimerManager.cpp */ = {isa = PBXFileReference; fileEncoding = 4; lastKnownFileType = sourcecode.cpp.cpp; name = TimerManager.cpp; path = ../../src/TimerManager.cpp; sourceTree = "<group>"; };
		6F7D5FE11B33EC65000FF2F8 /* TimerManager.h */ = {isa = PBXFileReference; fileEncoding = 4; lastKnownFileType = sourcecode.c.h; name = TimerManager.h; path = ../../src/TimerManager.h; sourceTree = "<group>"; };
		6F7D5FE21B33EC65000FF2F8 /* UdpSocketImpl.cpp */ = {isa = PBXFileReference; fileEncoding = 4; lastKnownFileType = sourcecode.cpp.cpp; name = UdpSocketImpl.cpp; path = ../../src/UdpSocketImpl.cpp; sourceTree = "<group>"; };
		6F7D5FE31B33EC65000FF2F8 /* UdpSocketImpl.h */ = {isa = PBXFileReference; fileEncoding = 4; lastKnownFileType = sourcecode.c.h; name = UdpSocketImpl.h; path = ../../src/UdpSocketImpl.h; sourceTree = "<group>"; };
		6F7D5FF11B33ED97000FF2F8 /* kuma-Prefix.pch */ = {isa = PBXFileReference; fileEncoding = 4; lastKnownFileType = sourcecode.c.h; path = "kuma-Prefix.pch"; sourceTree = "<group>"; };
		6F84E9671D5B016C00AF8E3B /* TcpConnection.cpp */ = {isa = PBXFileReference; fileEncoding = 4; lastKnownFileType = sourcecode.cpp.cpp; name = TcpConnection.cpp; path = ../../src/TcpConnection.cpp; sourceTree = "<group>"; };
		6F84E9681D5B016C00AF8E3B /* TcpConnection.h */ = {isa = PBXFileReference; fileEncoding = 4; lastKnownFileType = sourcecode.c.h; name = TcpConnection.h; path = ../../src/TcpConnection.h; sourceTree = "<group>"; };
		6F84E96D1D5B031300AF8E3B /* FrameParser.cpp */ = {isa = PBXFileReference; fileEncoding = 4; lastKnownFileType = sourcecode.cpp.cpp; path = FrameParser.cpp; sourceTree = "<group>"; };
		6F84E96E1D5B031300AF8E3B /* FrameParser.h */ = {isa = PBXFileReference; fileEncoding = 4; lastKnownFileType = sourcecode.c.h; path = FrameParser.h; sourceTree = "<group>"; };
		6F84E96F1D5B031300AF8E3B /* H2ConnectionImpl.cpp */ = {isa = PBXFileReference; fileEncoding = 4; lastKnownFileType = sourcecode.cpp.cpp; path = H2ConnectionImpl.cpp; sourceTree = "<group>"; };
		6F84E9701D5B031300AF8E3B /* H2ConnectionImpl.h */ = {isa = PBXFileReference; fileEncoding = 4; lastKnownFileType = sourcecode.c.h; path = H2ConnectionImpl.h; sourceTree = "<group>"; };
		6F84E9711D5B031300AF8E3B /* H2ConnectionMgr.cpp */ = {isa = PBXFileReference; fileEncoding = 4; lastKnownFileType = sourcecode.cpp.cpp; path = H2ConnectionMgr.cpp; sourceTree = "<group>"; };
		6F84E9721D5B031300AF8E3B /* H2ConnectionMgr.h */ = {isa = PBXFileReference; fileEncoding = 4; lastKnownFileType = sourcecode.c.h; path = H2ConnectionMgr.h; sourceTree = "<group>"; };
		6F84E9731D5B031300AF8E3B /* h2defs.h */ = {isa = PBXFileReference; fileEncoding = 4; lastKnownFileType = sourcecode.c.h; path = h2defs.h; sourceTree = "<group>"; };
		6F84E9741D5B031300AF8E3B /* H2Frame.cpp */ = {isa = PBXFileReference; fileEncoding = 4; lastKnownFileType = sourcecode.cpp.cpp; path = H2Frame.cpp; sourceTree = "<group>"; };
		6F84E9751D5B031300AF8E3B /* H2Frame.h */ = {isa = PBXFileReference; fileEncoding = 4; lastKnownFileType = sourcecode.c.h; path = H2Frame.h; sourceTree = "<group>"; };
		6F84E9761D5B031300AF8E3B /* Http2Request.cpp */ = {isa = PBXFileReference; fileEncoding = 4; lastKnownFileType = sourcecode.cpp.cpp; path = Http2Request.cpp; sourceTree = "<group>"; };
		6F84E9771D5B031300AF8E3B /* Http2Request.h */ = {isa = PBXFileReference; fileEncoding = 4; lastKnownFileType = sourcecode.c.h; path = Http2Request.h; sourceTree = "<group>"; };
		6F84E9781D5B031300AF8E3B /* Http2Response.cpp */ = {isa = PBXFileReference; fileEncoding = 4; lastKnownFileType = sourcecode.cpp.cpp; path = Http2Response.cpp; sourceTree = "<group>"; };
		6F84E9791D5B031300AF8E3B /* Http2Response.h */ = {isa = PBXFileReference; fileEncoding = 4; lastKnownFileType = sourcecode.c.h; path = Http2Response.h; sourceTree = "<group>"; };
		6F84E97A1D5B031300AF8E3B /* H2Stream.cpp */ = {isa = PBXFileReference; fileEncoding = 4; lastKnownFileType = sourcecode.cpp.cpp; path = H2Stream.cpp; sourceTree = "<group>"; };
		6F84E97B1D5B031300AF8E3B /* H2Stream.h */ = {isa = PBXFileReference; fileEncoding = 4; lastKnownFileType = sourcecode.c.h; path = H2Stream.h; sourceTree = "<group>"; };
		6F84E9841D5B032D00AF8E3B /* HPacker.cpp */ = {isa = PBXFileReference; fileEncoding = 4; lastKnownFileType = sourcecode.cpp.cpp; path = HPacker.cpp; sourceTree = "<group>"; };
		6F84E9851D5B032D00AF8E3B /* HPacker.h */ = {isa = PBXFileReference; fileEncoding = 4; lastKnownFileType = sourcecode.c.h; path = HPacker.h; sourceTree = "<group>"; };
		6F84E9861D5B032D00AF8E3B /* HPackTable.cpp */ = {isa = PBXFileReference; fileEncoding = 4; lastKnownFileType = sourcecode.cpp.cpp; path = HPackTable.cpp; sourceTree = "<group>"; };
		6F84E9871D5B032D00AF8E3B /* HPackTable.h */ = {isa = PBXFileReference; fileEncoding = 4; lastKnownFileType = sourcecode.c.h; path = HPackTable.h; sourceTree = "<group>"; };
		6F84E9881D5B032D00AF8E3B /* StaticTable.h */ = {isa = PBXFileReference; fileEncoding = 4; lastKnownFileType = sourcecode.c.h; path = StaticTable.h; sourceTree = "<group>"; };
		6F84E98B1D5B035F00AF8E3B /* DestroyDetector.h */ = {isa = PBXFileReference; fileEncoding = 4; lastKnownFileType = sourcecode.c.h; path = DestroyDetector.h; sourceTree = "<group>"; };
		6F84E98C1D5B036F00AF8E3B /* kmobject.h */ = {isa = PBXFileReference; fileEncoding = 4; lastKnownFileType = sourcecode.c.h; path = kmobject.h; sourceTree = "<group>"; };
		6F84E9911D5B1C7200AF8E3B /* httpdefs.h */ = {isa = PBXFileReference; fileEncoding = 4; lastKnownFileType = sourcecode.c.h; path = httpdefs.h; sourceTree = "<group>"; };
		6F91F1731D782EF8004A95B9 /* Http1xRequest.cpp */ = {isa = PBXFileReference; fileEncoding = 4; lastKnownFileType = sourcecode.cpp.cpp; path = Http1xRequest.cpp; sourceTree = "<group>"; };
		6F91F1741D782EF8004A95B9 /* Http1xRequest.h */ = {isa = PBXFileReference; fileEncoding = 4; lastKnownFileType = sourcecode.c.h; path = Http1xRequest.h; sourceTree = "<group>"; };
		6F91F1761D782F1A004A95B9 /* Notifier.cpp */ = {isa = PBXFileReference; fileEncoding = 4; lastKnownFileType = sourcecode.cpp.cpp; path = Notifier.cpp; sourceTree = "<group>"; };
		6F91F1B31D7B29CB004A95B9 /* KQueue.cpp */ = {isa = PBXFileReference; fileEncoding = 4; lastKnownFileType = sourcecode.cpp.cpp; path = KQueue.cpp; sourceTree = "<group>"; };
		6FECECF91C2138E700310F52 /* HttpParserImpl.cpp */ = {isa = PBXFileReference; fileEncoding = 4; lastKnownFileType = sourcecode.cpp.cpp; path = HttpParserImpl.cpp; sourceTree = "<group>"; };
		6FECECFA1C2138E700310F52 /* HttpParserImpl.h */ = {isa = PBXFileReference; fileEncoding = 4; lastKnownFileType = sourcecode.c.h; path = HttpParserImpl.h; sourceTree = "<group>"; };
		6FECECFB1C2138E700310F52 /* HttpRequestImpl.cpp */ = {isa = PBXFileReference; fileEncoding = 4; lastKnownFileType = sourcecode.cpp.cpp; path = HttpRequestImpl.cpp; sourceTree = "<group>"; };
		6FECECFC1C2138E700310F52 /* HttpRequestImpl.h */ = {isa = PBXFileReference; fileEncoding = 4; lastKnownFileType = sourcecode.c.h; path = HttpRequestImpl.h; sourceTree = "<group>"; };
		6FECECFD1C2138E700310F52 /* HttpResponseImpl.cpp */ = {isa = PBXFileReference; fileEncoding = 4; lastKnownFileType = sourcecode.cpp.cpp; path = HttpResponseImpl.cpp; sourceTree = "<group>"; };
		6FECECFE1C2138E700310F52 /* HttpResponseImpl.h */ = {isa = PBXFileReference; fileEncoding = 4; lastKnownFileType = sourcecode.c.h; path = HttpResponseImpl.h; sourceTree = "<group>"; };
		6FECECFF1C2138E700310F52 /* Uri.cpp */ = {isa = PBXFileReference; fileEncoding = 4; lastKnownFileType = sourcecode.cpp.cpp; path = Uri.cpp; sourceTree = "<group>"; };
		6FECED001C2138E700310F52 /* Uri.h */ = {isa = PBXFileReference; fileEncoding = 4; lastKnownFileType = sourcecode.c.h; path = Uri.h; sourceTree = "<group>"; };
		6FECED091C2139A400310F52 /* IOPoll.h */ = {isa = PBXFileReference; fileEncoding = 4; lastKnownFileType = sourcecode.c.h; path = IOPoll.h; sourceTree = "<group>"; };
		6FECED0A1C2139A400310F52 /* Notifier.h */ = {isa = PBXFileReference; fileEncoding = 4; lastKnownFileType = sourcecode.c.h; path = Notifier.h; sourceTree = "<group>"; };
		6FECED0B1C2139A400310F52 /* SelectPoll.cpp */ = {isa = PBXFileReference; fileEncoding = 4; lastKnownFileType = sourcecode.cpp.cpp; path = SelectPoll.cpp; sourceTree = "<group>"; };
		6FECED0C1C2139A400310F52 /* VPoll.cpp */ = {isa = PBXFileReference; fileEncoding = 4; lastKnownFileType = sourcecode.cpp.cpp; path = VPoll.cpp; sourceTree = "<group>"; };
		6FECED0F1C2139B100310F52 /* OpenSslLib.cpp */ = {isa = PBXFileReference; fileEncoding = 4; lastKnownFileType = sourcecode.cpp.cpp; path = OpenSslLib.cpp; sourceTree = "<group>"; };
		6FECED101C2139B100310F52 /* OpenSslLib.h */ = {isa = PBXFileReference; fileEncoding = 4; lastKnownFileType = sourcecode.c.h; path = OpenSslLib.h; sourceTree = "<group>"; };
		6FECED111C2139B100310F52 /* SslHandler.cpp */ = {isa = PBXFileReference; fileEncoding = 4; lastKnownFileType = sourcecode.cpp.cpp; path = SslHandler.cpp; sourceTree = "<group>"; };
		6FECED121C2139B100310F52 /* SslHandler.h */ = {isa = PBXFileReference; fileEncoding = 4; lastKnownFileType = sourcecode.c.h; path = SslHandler.h; sourceTree = "<group>"; };
		6FECED151C2139CA00310F52 /* base64.cpp */ = {isa = PBXFileReference; fileEncoding = 4; lastKnownFileType = sourcecode.cpp.cpp; path = base64.cpp; sourceTree = "<group>"; };
		6FECED161C2139CA00310F52 /* base64.h */ = {isa = PBXFileReference; fileEncoding = 4; lastKnownFileType = sourcecode.c.h; path = base64.h; sourceTree = "<group>"; };
		6FECED171C2139CA00310F52 /* kmqueue.h */ = {isa = PBXFileReference; fileEncoding = 4; lastKnownFileType = sourcecode.c.h; path = kmqueue.h; sourceTree = "<group>"; };
		6FECED181C2139CA00310F52 /* kmtrace.cpp */ = {isa = PBXFileReference; fileEncoding = 4; lastKnownFileType = sourcecode.cpp.cpp; path = kmtrace.cpp; sourceTree = "<group>"; };
		6FECED191C2139CA00310F52 /* kmtrace.h */ = {isa = PBXFileReference; fileEncoding = 4; lastKnownFileType = sourcecode.c.h; path = kmtrace.h; sourceTree = "<group>"; };
		6FECED1A1C2139CA00310F52 /* util.cpp */ = {isa = PBXFileReference; fileEncoding = 4; lastKnownFileType = sourcecode.cpp.cpp; path = util.cpp; sourceTree = "<group>"; };
		6FECED1B1C2139CA00310F52 /* util.h */ = {isa = PBXFileReference; fileEncoding = 4; lastKnownFileType = sourcecode.c.h; path = util.h; sourceTree = "<group>"; };
		6FECED1F1C2139D600310F52 /* WebSocketImpl.cpp */ = {isa = PBXFileReference; fileEncoding = 4; lastKnownFileType = sourcecode.cpp.cpp; path = WebSocketImpl.cpp; sourceTree = "<group>"; };
		6FECED201C2139D600310F52 /* WebSocketImpl.h */ = {isa = PBXFileReference; fileEncoding = 4; lastKnownFileType = sourcecode.c.h; path = WebSocketImpl.h; sourceTree = "<group>"; };
		6FECED211C2139D600310F52 /* WSHandler.cpp */ = {isa = PBXFileReference; fileEncoding = 4; lastKnownFileType = sourcecode.cpp.cpp; path = WSHandler.cpp; sourceTree = "<group>"; };
		6FECED221C2139D600310F52 /* WSHandler.h */ = {isa = PBXFileReference; fileEncoding = 4; lastKnownFileType = sourcecode.c.h; path = WSHandler.h; sourceTree = "<group>"; };
/* End PBXFileReference section */

/* Begin PBXFrameworksBuildPhase section */
		6F7D5F981B33E9E6000FF2F8 /* Frameworks */ = {
			isa = PBXFrameworksBuildPhase;
			buildActionMask = 2147483647;
			files = (
			);
			runOnlyForDeploymentPostprocessing = 0;
		};
		6F7D5FA31B33E9E6000FF2F8 /* Frameworks */ = {
			isa = PBXFrameworksBuildPhase;
			buildActionMask = 2147483647;
			files = (
				6F7D5FA71B33E9E6000FF2F8 /* libkuma.a in Frameworks */,
			);
			runOnlyForDeploymentPostprocessing = 0;
		};
/* End PBXFrameworksBuildPhase section */

/* Begin PBXGroup section */
		6F7D5F921B33E9E6000FF2F8 = {
			isa = PBXGroup;
			children = (
				6F7D5FD31B33EC43000FF2F8 /* kuma */,
				6F7D5FAA1B33E9E6000FF2F8 /* kumaTests */,
				6F7D5F9C1B33E9E6000FF2F8 /* Products */,
			);
			sourceTree = "<group>";
		};
		6F7D5F9C1B33E9E6000FF2F8 /* Products */ = {
			isa = PBXGroup;
			children = (
				6F7D5F9B1B33E9E6000FF2F8 /* libkuma.a */,
				6F7D5FA61B33E9E6000FF2F8 /* kumaTests.xctest */,
			);
			name = Products;
			sourceTree = "<group>";
		};
		6F7D5FAA1B33E9E6000FF2F8 /* kumaTests */ = {
			isa = PBXGroup;
			children = (
				6F7D5FAB1B33E9E6000FF2F8 /* Supporting Files */,
			);
			path = kumaTests;
			sourceTree = "<group>";
		};
		6F7D5FAB1B33E9E6000FF2F8 /* Supporting Files */ = {
			isa = PBXGroup;
			children = (
				6F7D5FAC1B33E9E6000FF2F8 /* Info.plist */,
			);
			name = "Supporting Files";
			sourceTree = "<group>";
		};
		6F7D5FD31B33EC43000FF2F8 /* kuma */ = {
			isa = PBXGroup;
			children = (
				6FECED081C21396F00310F52 /* poll */,
				6FECED071C21395C00310F52 /* ssl */,
				6FECED061C21394700310F52 /* util */,
				6FECED051C21392600310F52 /* ws */,
				6FECECF81C21383900310F52 /* http */,
				6F7D5FF11B33ED97000FF2F8 /* kuma-Prefix.pch */,
				6F7D5FD41B33EC65000FF2F8 /* evdefs.h */,
				6F7D5FD51B33EC65000FF2F8 /* EventLoopImpl.cpp */,
				6F7D5FD61B33EC65000FF2F8 /* EventLoopImpl.h */,
				6F7D5FD71B33EC65000FF2F8 /* kmapi.cpp */,
				6F7D5FD81B33EC65000FF2F8 /* kmapi.h */,
				6F7D5FD91B33EC65000FF2F8 /* kmconf.h */,
				6F7D5FDA1B33EC65000FF2F8 /* kmdefs.h */,
				6F84E9671D5B016C00AF8E3B /* TcpConnection.cpp */,
				6F84E9681D5B016C00AF8E3B /* TcpConnection.h */,
				6F66AC3B1C71B03F00BB37B9 /* TcpListenerImpl.cpp */,
				6F66AC3C1C71B03F00BB37B9 /* TcpListenerImpl.h */,
				6F7D5FDE1B33EC65000FF2F8 /* TcpSocketImpl.cpp */,
				6F7D5FDF1B33EC65000FF2F8 /* TcpSocketImpl.h */,
				6F7D5FE01B33EC65000FF2F8 /* TimerManager.cpp */,
				6F7D5FE11B33EC65000FF2F8 /* TimerManager.h */,
				6F7D5FE21B33EC65000FF2F8 /* UdpSocketImpl.cpp */,
				6F7D5FE31B33EC65000FF2F8 /* UdpSocketImpl.h */,
			);
			name = kuma;
			sourceTree = "<group>";
		};
		6F84E96C1D5B02EF00AF8E3B /* v2 */ = {
			isa = PBXGroup;
			children = (
				6F84E9831D5B031900AF8E3B /* hpack */,
				6F84E96D1D5B031300AF8E3B /* FrameParser.cpp */,
				6F84E96E1D5B031300AF8E3B /* FrameParser.h */,
				6F84E96F1D5B031300AF8E3B /* H2ConnectionImpl.cpp */,
				6F84E9701D5B031300AF8E3B /* H2ConnectionImpl.h */,
				6F84E9711D5B031300AF8E3B /* H2ConnectionMgr.cpp */,
				6F84E9721D5B031300AF8E3B /* H2ConnectionMgr.h */,
				6F84E9731D5B031300AF8E3B /* h2defs.h */,
				6F84E9741D5B031300AF8E3B /* H2Frame.cpp */,
				6F84E9751D5B031300AF8E3B /* H2Frame.h */,
				6F84E9761D5B031300AF8E3B /* Http2Request.cpp */,
				6F84E9771D5B031300AF8E3B /* Http2Request.h */,
				6F84E9781D5B031300AF8E3B /* Http2Response.cpp */,
				6F84E9791D5B031300AF8E3B /* Http2Response.h */,
				6F84E97A1D5B031300AF8E3B /* H2Stream.cpp */,
				6F84E97B1D5B031300AF8E3B /* H2Stream.h */,
			);
			path = v2;
			sourceTree = "<group>";
		};
		6F84E9831D5B031900AF8E3B /* hpack */ = {
			isa = PBXGroup;
			children = (
				6F84E9841D5B032D00AF8E3B /* HPacker.cpp */,
				6F84E9851D5B032D00AF8E3B /* HPacker.h */,
				6F84E9861D5B032D00AF8E3B /* HPackTable.cpp */,
				6F84E9871D5B032D00AF8E3B /* HPackTable.h */,
				6F84E9881D5B032D00AF8E3B /* StaticTable.h */,
			);
			path = hpack;
			sourceTree = "<group>";
		};
		6FECECF81C21383900310F52 /* http */ = {
			isa = PBXGroup;
			children = (
				6F84E96C1D5B02EF00AF8E3B /* v2 */,
				6F84E9911D5B1C7200AF8E3B /* httpdefs.h */,
				6F91F1731D782EF8004A95B9 /* Http1xRequest.cpp */,
				6F91F1741D782EF8004A95B9 /* Http1xRequest.h */,
				6FECECF91C2138E700310F52 /* HttpParserImpl.cpp */,
				6FECECFA1C2138E700310F52 /* HttpParserImpl.h */,
				6FECECFB1C2138E700310F52 /* HttpRequestImpl.cpp */,
				6FECECFC1C2138E700310F52 /* HttpRequestImpl.h */,
				6FECECFD1C2138E700310F52 /* HttpResponseImpl.cpp */,
				6FECECFE1C2138E700310F52 /* HttpResponseImpl.h */,
				6FECECFF1C2138E700310F52 /* Uri.cpp */,
				6FECED001C2138E700310F52 /* Uri.h */,
			);
			name = http;
			path = ../../src/http;
			sourceTree = "<group>";
		};
		6FECED051C21392600310F52 /* ws */ = {
			isa = PBXGroup;
			children = (
				6FECED1F1C2139D600310F52 /* WebSocketImpl.cpp */,
				6FECED201C2139D600310F52 /* WebSocketImpl.h */,
				6FECED211C2139D600310F52 /* WSHandler.cpp */,
				6FECED221C2139D600310F52 /* WSHandler.h */,
			);
			name = ws;
			path = ../../src/ws;
			sourceTree = "<group>";
		};
		6FECED061C21394700310F52 /* util */ = {
			isa = PBXGroup;
			children = (
				6F84E98C1D5B036F00AF8E3B /* kmobject.h */,
				6F84E98B1D5B035F00AF8E3B /* DestroyDetector.h */,
				6FECED151C2139CA00310F52 /* base64.cpp */,
				6FECED161C2139CA00310F52 /* base64.h */,
				6FECED171C2139CA00310F52 /* kmqueue.h */,
				6FECED181C2139CA00310F52 /* kmtrace.cpp */,
				6FECED191C2139CA00310F52 /* kmtrace.h */,
				6FECED1A1C2139CA00310F52 /* util.cpp */,
				6FECED1B1C2139CA00310F52 /* util.h */,
			);
			name = util;
			path = ../../src/util;
			sourceTree = "<group>";
		};
		6FECED071C21395C00310F52 /* ssl */ = {
			isa = PBXGroup;
			children = (
				6FECED0F1C2139B100310F52 /* OpenSslLib.cpp */,
				6FECED101C2139B100310F52 /* OpenSslLib.h */,
				6FECED111C2139B100310F52 /* SslHandler.cpp */,
				6FECED121C2139B100310F52 /* SslHandler.h */,
			);
			name = ssl;
			path = ../../src/ssl;
			sourceTree = "<group>";
		};
		6FECED081C21396F00310F52 /* poll */ = {
			isa = PBXGroup;
			children = (
				6F91F1B31D7B29CB004A95B9 /* KQueue.cpp */,
				6F91F1761D782F1A004A95B9 /* Notifier.cpp */,
				6FECED091C2139A400310F52 /* IOPoll.h */,
				6FECED0A1C2139A400310F52 /* Notifier.h */,
				6FECED0B1C2139A400310F52 /* SelectPoll.cpp */,
				6FECED0C1C2139A400310F52 /* VPoll.cpp */,
			);
			name = poll;
			path = ../../src/poll;
			sourceTree = "<group>";
		};
/* End PBXGroup section */

/* Begin PBXNativeTarget section */
		6F7D5F9A1B33E9E6000FF2F8 /* kuma */ = {
			isa = PBXNativeTarget;
			buildConfigurationList = 6F7D5FAF1B33E9E6000FF2F8 /* Build configuration list for PBXNativeTarget "kuma" */;
			buildPhases = (
				6F7D5F971B33E9E6000FF2F8 /* Sources */,
				6F7D5F981B33E9E6000FF2F8 /* Frameworks */,
				6F7D5F991B33E9E6000FF2F8 /* CopyFiles */,
			);
			buildRules = (
			);
			dependencies = (
			);
			name = kuma;
			productName = kuma;
			productReference = 6F7D5F9B1B33E9E6000FF2F8 /* libkuma.a */;
			productType = "com.apple.product-type.library.static";
		};
		6F7D5FA51B33E9E6000FF2F8 /* kumaTests */ = {
			isa = PBXNativeTarget;
			buildConfigurationList = 6F7D5FB21B33E9E6000FF2F8 /* Build configuration list for PBXNativeTarget "kumaTests" */;
			buildPhases = (
				6F7D5FA21B33E9E6000FF2F8 /* Sources */,
				6F7D5FA31B33E9E6000FF2F8 /* Frameworks */,
				6F7D5FA41B33E9E6000FF2F8 /* Resources */,
			);
			buildRules = (
			);
			dependencies = (
				6F7D5FA91B33E9E6000FF2F8 /* PBXTargetDependency */,
			);
			name = kumaTests;
			productName = kumaTests;
			productReference = 6F7D5FA61B33E9E6000FF2F8 /* kumaTests.xctest */;
			productType = "com.apple.product-type.bundle.unit-test";
		};
/* End PBXNativeTarget section */

/* Begin PBXProject section */
		6F7D5F931B33E9E6000FF2F8 /* Project object */ = {
			isa = PBXProject;
			attributes = {
				LastUpgradeCheck = 0630;
				ORGANIZATIONNAME = jamol;
				TargetAttributes = {
					6F7D5F9A1B33E9E6000FF2F8 = {
						CreatedOnToolsVersion = 6.3.2;
					};
					6F7D5FA51B33E9E6000FF2F8 = {
						CreatedOnToolsVersion = 6.3.2;
					};
				};
			};
			buildConfigurationList = 6F7D5F961B33E9E6000FF2F8 /* Build configuration list for PBXProject "kuma" */;
			compatibilityVersion = "Xcode 3.2";
			developmentRegion = English;
			hasScannedForEncodings = 0;
			knownRegions = (
				en,
			);
			mainGroup = 6F7D5F921B33E9E6000FF2F8;
			productRefGroup = 6F7D5F9C1B33E9E6000FF2F8 /* Products */;
			projectDirPath = "";
			projectRoot = "";
			targets = (
				6F7D5F9A1B33E9E6000FF2F8 /* kuma */,
				6F7D5FA51B33E9E6000FF2F8 /* kumaTests */,
			);
		};
/* End PBXProject section */

/* Begin PBXResourcesBuildPhase section */
		6F7D5FA41B33E9E6000FF2F8 /* Resources */ = {
			isa = PBXResourcesBuildPhase;
			buildActionMask = 2147483647;
			files = (
			);
			runOnlyForDeploymentPostprocessing = 0;
		};
/* End PBXResourcesBuildPhase section */

/* Begin PBXSourcesBuildPhase section */
		6F7D5F971B33E9E6000FF2F8 /* Sources */ = {
			isa = PBXSourcesBuildPhase;
			buildActionMask = 2147483647;
			files = (
				6F91F1771D782F1A004A95B9 /* Notifier.cpp in Sources */,
				6F91F1751D782EF8004A95B9 /* Http1xRequest.cpp in Sources */,
				6F7D5FEA1B33EC65000FF2F8 /* UdpSocketImpl.cpp in Sources */,
				6FECED041C2138E700310F52 /* Uri.cpp in Sources */,
				6F84E9891D5B032D00AF8E3B /* HPacker.cpp in Sources */,
				6F84E98A1D5B032D00AF8E3B /* HPackTable.cpp in Sources */,
				6F84E9821D5B031300AF8E3B /* H2Stream.cpp in Sources */,
				6FECED1D1C2139CA00310F52 /* kmtrace.cpp in Sources */,
				6FECED0E1C2139A400310F52 /* VPoll.cpp in Sources */,
				6F84E97E1D5B031300AF8E3B /* H2ConnectionMgr.cpp in Sources */,
				6F84E97C1D5B031300AF8E3B /* FrameParser.cpp in Sources */,
				6F91F1B41D7B29CB004A95B9 /* KQueue.cpp in Sources */,
				6FECED0D1C2139A400310F52 /* SelectPoll.cpp in Sources */,
				6F84E9691D5B016C00AF8E3B /* TcpConnection.cpp in Sources */,
				6F7D5FE81B33EC65000FF2F8 /* TcpSocketImpl.cpp in Sources */,
				6FECED231C2139D600310F52 /* WebSocketImpl.cpp in Sources */,
				6F66AC3D1C71B03F00BB37B9 /* TcpListenerImpl.cpp in Sources */,
				6FECED031C2138E700310F52 /* HttpResponseImpl.cpp in Sources */,
				6FECED141C2139B100310F52 /* SslHandler.cpp in Sources */,
				6FECED1C1C2139CA00310F52 /* base64.cpp in Sources */,
				6F84E9811D5B031300AF8E3B /* Http2Response.cpp in Sources */,
				6F7D5FE51B33EC65000FF2F8 /* kmapi.cpp in Sources */,
				6F7D5FE41B33EC65000FF2F8 /* EventLoopImpl.cpp in Sources */,
				6F7D5FE91B33EC65000FF2F8 /* TimerManager.cpp in Sources */,
				6F84E97F1D5B031300AF8E3B /* H2Frame.cpp in Sources */,
				6FECED131C2139B100310F52 /* OpenSslLib.cpp in Sources */,
				6FECED241C2139D600310F52 /* WSHandler.cpp in Sources */,
				6FECED1E1C2139CA00310F52 /* util.cpp in Sources */,
				6F84E9801D5B031300AF8E3B /* Http2Request.cpp in Sources */,
				6FECED011C2138E700310F52 /* HttpParserImpl.cpp in Sources */,
				6FECED021C2138E700310F52 /* HttpRequestImpl.cpp in Sources */,
				6F84E97D1D5B031300AF8E3B /* H2ConnectionImpl.cpp in Sources */,
			);
			runOnlyForDeploymentPostprocessing = 0;
		};
		6F7D5FA21B33E9E6000FF2F8 /* Sources */ = {
			isa = PBXSourcesBuildPhase;
			buildActionMask = 2147483647;
			files = (
			);
			runOnlyForDeploymentPostprocessing = 0;
		};
/* End PBXSourcesBuildPhase section */

/* Begin PBXTargetDependency section */
		6F7D5FA91B33E9E6000FF2F8 /* PBXTargetDependency */ = {
			isa = PBXTargetDependency;
			target = 6F7D5F9A1B33E9E6000FF2F8 /* kuma */;
			targetProxy = 6F7D5FA81B33E9E6000FF2F8 /* PBXContainerItemProxy */;
		};
/* End PBXTargetDependency section */

/* Begin XCBuildConfiguration section */
		6F7D5FAD1B33E9E6000FF2F8 /* Debug */ = {
			isa = XCBuildConfiguration;
			buildSettings = {
				ALWAYS_SEARCH_USER_PATHS = NO;
				CLANG_CXX_LANGUAGE_STANDARD = "gnu++0x";
				CLANG_CXX_LIBRARY = "libc++";
				CLANG_ENABLE_MODULES = YES;
				CLANG_ENABLE_OBJC_ARC = YES;
				CLANG_WARN_BOOL_CONVERSION = YES;
				CLANG_WARN_CONSTANT_CONVERSION = YES;
				CLANG_WARN_DIRECT_OBJC_ISA_USAGE = YES_ERROR;
				CLANG_WARN_EMPTY_BODY = YES;
				CLANG_WARN_ENUM_CONVERSION = YES;
				CLANG_WARN_INT_CONVERSION = YES;
				CLANG_WARN_OBJC_ROOT_CLASS = YES_ERROR;
				CLANG_WARN_UNREACHABLE_CODE = YES;
				CLANG_WARN__DUPLICATE_METHOD_MATCH = YES;
				COPY_PHASE_STRIP = NO;
				DEBUG_INFORMATION_FORMAT = "dwarf-with-dsym";
				ENABLE_STRICT_OBJC_MSGSEND = YES;
				GCC_C_LANGUAGE_STANDARD = gnu99;
				GCC_DYNAMIC_NO_PIC = NO;
				GCC_NO_COMMON_BLOCKS = YES;
				GCC_OPTIMIZATION_LEVEL = 0;
				GCC_PREPROCESSOR_DEFINITIONS = (
					"DEBUG=1",
					"$(inherited)",
				);
				GCC_SYMBOLS_PRIVATE_EXTERN = NO;
				GCC_WARN_64_TO_32_BIT_CONVERSION = YES;
				GCC_WARN_ABOUT_RETURN_TYPE = YES_ERROR;
				GCC_WARN_UNDECLARED_SELECTOR = YES;
				GCC_WARN_UNINITIALIZED_AUTOS = YES_AGGRESSIVE;
				GCC_WARN_UNUSED_FUNCTION = YES;
				GCC_WARN_UNUSED_VARIABLE = YES;
				IPHONEOS_DEPLOYMENT_TARGET = 8.3;
				MTL_ENABLE_DEBUG_INFO = YES;
				ONLY_ACTIVE_ARCH = YES;
				SDKROOT = iphoneos;
			};
			name = Debug;
		};
		6F7D5FAE1B33E9E6000FF2F8 /* Release */ = {
			isa = XCBuildConfiguration;
			buildSettings = {
				ALWAYS_SEARCH_USER_PATHS = NO;
				CLANG_CXX_LANGUAGE_STANDARD = "gnu++0x";
				CLANG_CXX_LIBRARY = "libc++";
				CLANG_ENABLE_MODULES = YES;
				CLANG_ENABLE_OBJC_ARC = YES;
				CLANG_WARN_BOOL_CONVERSION = YES;
				CLANG_WARN_CONSTANT_CONVERSION = YES;
				CLANG_WARN_DIRECT_OBJC_ISA_USAGE = YES_ERROR;
				CLANG_WARN_EMPTY_BODY = YES;
				CLANG_WARN_ENUM_CONVERSION = YES;
				CLANG_WARN_INT_CONVERSION = YES;
				CLANG_WARN_OBJC_ROOT_CLASS = YES_ERROR;
				CLANG_WARN_UNREACHABLE_CODE = YES;
				CLANG_WARN__DUPLICATE_METHOD_MATCH = YES;
				COPY_PHASE_STRIP = NO;
				DEBUG_INFORMATION_FORMAT = "dwarf-with-dsym";
				ENABLE_NS_ASSERTIONS = NO;
				ENABLE_STRICT_OBJC_MSGSEND = YES;
				GCC_C_LANGUAGE_STANDARD = gnu99;
				GCC_NO_COMMON_BLOCKS = YES;
				GCC_WARN_64_TO_32_BIT_CONVERSION = YES;
				GCC_WARN_ABOUT_RETURN_TYPE = YES_ERROR;
				GCC_WARN_UNDECLARED_SELECTOR = YES;
				GCC_WARN_UNINITIALIZED_AUTOS = YES_AGGRESSIVE;
				GCC_WARN_UNUSED_FUNCTION = YES;
				GCC_WARN_UNUSED_VARIABLE = YES;
				IPHONEOS_DEPLOYMENT_TARGET = 8.3;
				MTL_ENABLE_DEBUG_INFO = NO;
				SDKROOT = iphoneos;
				VALIDATE_PRODUCT = YES;
			};
			name = Release;
		};
		6F7D5FB01B33E9E6000FF2F8 /* Debug */ = {
			isa = XCBuildConfiguration;
			buildSettings = {
				GCC_PRECOMPILE_PREFIX_HEADER = YES;
				GCC_PREFIX_HEADER = "kuma-Prefix.pch";
				HEADER_SEARCH_PATHS = ../../vendor/openssl/include;
				OBJROOT = ../../objs/ios;
				OTHER_LDFLAGS = "-ObjC";
				PRODUCT_NAME = "$(TARGET_NAME)";
				SKIP_INSTALL = YES;
				SYMROOT = ../../bin/ios;
				USER_HEADER_SEARCH_PATHS = "../../src ../../src/ssl ../../vendor";
			};
			name = Debug;
		};
		6F7D5FB11B33E9E6000FF2F8 /* Release */ = {
			isa = XCBuildConfiguration;
			buildSettings = {
				GCC_PRECOMPILE_PREFIX_HEADER = YES;
				GCC_PREFIX_HEADER = "kuma-Prefix.pch";
				HEADER_SEARCH_PATHS = ../../vendor/openssl/include;
				OBJROOT = ../../objs/ios;
				OTHER_LDFLAGS = "-ObjC";
				PRODUCT_NAME = "$(TARGET_NAME)";
				SKIP_INSTALL = YES;
				SYMROOT = ../../bin/ios;
				USER_HEADER_SEARCH_PATHS = "../../src ../../src/ssl ../../vendor";
			};
			name = Release;
		};
		6F7D5FB31B33E9E6000FF2F8 /* Debug */ = {
			isa = XCBuildConfiguration;
			buildSettings = {
				"CODE_SIGN_IDENTITY[sdk=iphoneos*]" = "iPhone Developer";
				FRAMEWORK_SEARCH_PATHS = (
					"$(SDKROOT)/Developer/Library/Frameworks",
					"$(inherited)",
				);
				GCC_PREPROCESSOR_DEFINITIONS = (
					"DEBUG=1",
					"$(inherited)",
				);
				INFOPLIST_FILE = kumaTests/Info.plist;
				LD_RUNPATH_SEARCH_PATHS = "$(inherited) @executable_path/Frameworks @loader_path/Frameworks";
				OBJROOT = ../../objs/ios;
				PRODUCT_NAME = "$(TARGET_NAME)";
				SYMROOT = ../../bin/ios;
			};
			name = Debug;
		};
		6F7D5FB41B33E9E6000FF2F8 /* Release */ = {
			isa = XCBuildConfiguration;
			buildSettings = {
				"CODE_SIGN_IDENTITY[sdk=iphoneos*]" = "iPhone Developer";
				FRAMEWORK_SEARCH_PATHS = (
					"$(SDKROOT)/Developer/Library/Frameworks",
					"$(inherited)",
				);
				INFOPLIST_FILE = kumaTests/Info.plist;
				LD_RUNPATH_SEARCH_PATHS = "$(inherited) @executable_path/Frameworks @loader_path/Frameworks";
				OBJROOT = ../../objs/ios;
				PRODUCT_NAME = "$(TARGET_NAME)";
				SYMROOT = ../../bin/ios;
			};
			name = Release;
		};
/* End XCBuildConfiguration section */

/* Begin XCConfigurationList section */
		6F7D5F961B33E9E6000FF2F8 /* Build configuration list for PBXProject "kuma" */ = {
			isa = XCConfigurationList;
			buildConfigurations = (
				6F7D5FAD1B33E9E6000FF2F8 /* Debug */,
				6F7D5FAE1B33E9E6000FF2F8 /* Release */,
			);
			defaultConfigurationIsVisible = 0;
			defaultConfigurationName = Release;
		};
		6F7D5FAF1B33E9E6000FF2F8 /* Build configuration list for PBXNativeTarget "kuma" */ = {
			isa = XCConfigurationList;
			buildConfigurations = (
				6F7D5FB01B33E9E6000FF2F8 /* Debug */,
				6F7D5FB11B33E9E6000FF2F8 /* Release */,
			);
			defaultConfigurationIsVisible = 0;
			defaultConfigurationName = Release;
		};
		6F7D5FB21B33E9E6000FF2F8 /* Build configuration list for PBXNativeTarget "kumaTests" */ = {
			isa = XCConfigurationList;
			buildConfigurations = (
				6F7D5FB31B33E9E6000FF2F8 /* Debug */,
				6F7D5FB41B33E9E6000FF2F8 /* Release */,
			);
			defaultConfigurationIsVisible = 0;
			defaultConfigurationName = Release;
		};
/* End XCConfigurationList section */
	};
	rootObject = 6F7D5F931B33E9E6000FF2F8 /* Project object */;
}
