// !$*UTF8*$!
{
	archiveVersion = 1;
	classes = {
	};
	objectVersion = 46;
	objects = {

/* Begin PBXBuildFile section */
		6F2975631B2ECE8A00EB467D /* TestLoop.cpp in Sources */ = {isa = PBXBuildFile; fileRef = 6F2975611B2ECE8A00EB467D /* TestLoop.cpp */; };
		6F2975B21B30101B00EB467D /* LoopPool.cpp in Sources */ = {isa = PBXBuildFile; fileRef = 6F2975B01B30101B00EB467D /* LoopPool.cpp */; };
		6F2975E81B301A6100EB467D /* LoopPool.cpp in Sources */ = {isa = PBXBuildFile; fileRef = 6F2975E41B301A6100EB467D /* LoopPool.cpp */; };
		6F2975E91B301A6100EB467D /* TestLoop.cpp in Sources */ = {isa = PBXBuildFile; fileRef = 6F2975E61B301A6100EB467D /* TestLoop.cpp */; };
		6F29765E1B311D5900EB467D /* kuma.dylib in Frameworks */ = {isa = PBXBuildFile; fileRef = 6F29765D1B311D5900EB467D /* kuma.dylib */; };
		6F29765F1B311D5900EB467D /* kuma.dylib in Frameworks */ = {isa = PBXBuildFile; fileRef = 6F29765D1B311D5900EB467D /* kuma.dylib */; };
		6F2D40411B1875DB00E24928 /* UdpServer.cpp in Sources */ = {isa = PBXBuildFile; fileRef = 6F2D403F1B1875DB00E24928 /* UdpServer.cpp */; };
		6F2D40441B1877A600E24928 /* UdpClient.cpp in Sources */ = {isa = PBXBuildFile; fileRef = 6F2D40421B1877A500E24928 /* UdpClient.cpp */; };
		6FF211C31B1553C6006603BB /* main.cpp in Sources */ = {isa = PBXBuildFile; fileRef = 6FF211C21B1553C6006603BB /* main.cpp */; };
		6FF211C51B1553D3006603BB /* main.cpp in Sources */ = {isa = PBXBuildFile; fileRef = 6FF211C41B1553D3006603BB /* main.cpp */; };
		6FF2123F1B15A18D006603BB /* Client.cpp in Sources */ = {isa = PBXBuildFile; fileRef = 6FF2123D1B15A18D006603BB /* Client.cpp */; };
		6FF2127A1B15B691006603BB /* TcpServer.cpp in Sources */ = {isa = PBXBuildFile; fileRef = 6FF212781B15B691006603BB /* TcpServer.cpp */; };
		6FF212821B15C03D006603BB /* Connection.cpp in Sources */ = {isa = PBXBuildFile; fileRef = 6FF212801B15C03D006603BB /* Connection.cpp */; };
		6FF746F31B21BB870007F34D /* HttpClient.cpp in Sources */ = {isa = PBXBuildFile; fileRef = 6FF746F11B21BB870007F34D /* HttpClient.cpp */; };
		6FF7476B1B26E5590007F34D /* HttpTest.cpp in Sources */ = {isa = PBXBuildFile; fileRef = 6FF747691B26E5590007F34D /* HttpTest.cpp */; };
		6FF747911B297F760007F34D /* WsTest.cpp in Sources */ = {isa = PBXBuildFile; fileRef = 6FF7478F1B297F760007F34D /* WsTest.cpp */; };
		6FF747941B2981D50007F34D /* WsClient.cpp in Sources */ = {isa = PBXBuildFile; fileRef = 6FF747921B2981D50007F34D /* WsClient.cpp */; };
/* End PBXBuildFile section */

/* Begin PBXCopyFilesBuildPhase section */
		6FF211AD1B155298006603BB /* CopyFiles */ = {
			isa = PBXCopyFilesBuildPhase;
			buildActionMask = 2147483647;
			dstPath = /usr/share/man/man1/;
			dstSubfolderSpec = 0;
			files = (
			);
			runOnlyForDeploymentPostprocessing = 1;
		};
		6FF211B91B1552AA006603BB /* CopyFiles */ = {
			isa = PBXCopyFilesBuildPhase;
			buildActionMask = 2147483647;
			dstPath = /usr/share/man/man1/;
			dstSubfolderSpec = 0;
			files = (
			);
			runOnlyForDeploymentPostprocessing = 1;
		};
/* End PBXCopyFilesBuildPhase section */

/* Begin PBXFileReference section */
		6F2975611B2ECE8A00EB467D /* TestLoop.cpp */ = {isa = PBXFileReference; fileEncoding = 4; lastKnownFileType = sourcecode.cpp.cpp; name = TestLoop.cpp; path = ../../../server/TestLoop.cpp; sourceTree = "<group>"; };
		6F2975621B2ECE8A00EB467D /* TestLoop.h */ = {isa = PBXFileReference; fileEncoding = 4; lastKnownFileType = sourcecode.c.h; name = TestLoop.h; path = ../../../server/TestLoop.h; sourceTree = "<group>"; };
		6F2975B01B30101B00EB467D /* LoopPool.cpp */ = {isa = PBXFileReference; fileEncoding = 4; lastKnownFileType = sourcecode.cpp.cpp; name = LoopPool.cpp; path = ../../../server/LoopPool.cpp; sourceTree = "<group>"; };
		6F2975B11B30101B00EB467D /* LoopPool.h */ = {isa = PBXFileReference; fileEncoding = 4; lastKnownFileType = sourcecode.c.h; name = LoopPool.h; path = ../../../server/LoopPool.h; sourceTree = "<group>"; };
		6F2975E41B301A6100EB467D /* LoopPool.cpp */ = {isa = PBXFileReference; fileEncoding = 4; lastKnownFileType = sourcecode.cpp.cpp; name = LoopPool.cpp; path = ../../../client/LoopPool.cpp; sourceTree = "<group>"; };
		6F2975E51B301A6100EB467D /* LoopPool.h */ = {isa = PBXFileReference; fileEncoding = 4; lastKnownFileType = sourcecode.c.h; name = LoopPool.h; path = ../../../client/LoopPool.h; sourceTree = "<group>"; };
		6F2975E61B301A6100EB467D /* TestLoop.cpp */ = {isa = PBXFileReference; fileEncoding = 4; lastKnownFileType = sourcecode.cpp.cpp; name = TestLoop.cpp; path = ../../../client/TestLoop.cpp; sourceTree = "<group>"; };
		6F2975E71B301A6100EB467D /* TestLoop.h */ = {isa = PBXFileReference; fileEncoding = 4; lastKnownFileType = sourcecode.c.h; name = TestLoop.h; path = ../../../client/TestLoop.h; sourceTree = "<group>"; };
		6F29765D1B311D5900EB467D /* kuma.dylib */ = {isa = PBXFileReference; lastKnownFileType = "compiled.mach-o.dylib"; name = kuma.dylib; path = ../../../bin/osx/Debug/kuma.dylib; sourceTree = "<group>"; };
		6F2D403F1B1875DB00E24928 /* UdpServer.cpp */ = {isa = PBXFileReference; fileEncoding = 4; lastKnownFileType = sourcecode.cpp.cpp; name = UdpServer.cpp; path = ../../../server/UdpServer.cpp; sourceTree = "<group>"; };
		6F2D40401B1875DB00E24928 /* UdpServer.h */ = {isa = PBXFileReference; fileEncoding = 4; lastKnownFileType = sourcecode.c.h; name = UdpServer.h; path = ../../../server/UdpServer.h; sourceTree = "<group>"; };
		6F2D40421B1877A500E24928 /* UdpClient.cpp */ = {isa = PBXFileReference; fileEncoding = 4; lastKnownFileType = sourcecode.cpp.cpp; name = UdpClient.cpp; path = ../../../client/UdpClient.cpp; sourceTree = "<group>"; };
		6F2D40431B1877A600E24928 /* UdpClient.h */ = {isa = PBXFileReference; fileEncoding = 4; lastKnownFileType = sourcecode.c.h; name = UdpClient.h; path = ../../../client/UdpClient.h; sourceTree = "<group>"; };
		6FF211AF1B155298006603BB /* client */ = {isa = PBXFileReference; explicitFileType = "compiled.mach-o.executable"; includeInIndex = 0; path = client; sourceTree = BUILT_PRODUCTS_DIR; };
		6FF211BB1B1552AA006603BB /* server */ = {isa = PBXFileReference; explicitFileType = "compiled.mach-o.executable"; includeInIndex = 0; path = server; sourceTree = BUILT_PRODUCTS_DIR; };
		6FF211C21B1553C6006603BB /* main.cpp */ = {isa = PBXFileReference; fileEncoding = 4; lastKnownFileType = sourcecode.cpp.cpp; name = main.cpp; path = ../../../client/main.cpp; sourceTree = "<group>"; };
		6FF211C41B1553D3006603BB /* main.cpp */ = {isa = PBXFileReference; fileEncoding = 4; lastKnownFileType = sourcecode.cpp.cpp; name = main.cpp; path = ../../../server/main.cpp; sourceTree = "<group>"; };
		6FF2123D1B15A18D006603BB /* Client.cpp */ = {isa = PBXFileReference; fileEncoding = 4; lastKnownFileType = sourcecode.cpp.cpp; name = Client.cpp; path = ../../../client/Client.cpp; sourceTree = "<group>"; };
		6FF2123E1B15A18D006603BB /* Client.h */ = {isa = PBXFileReference; fileEncoding = 4; lastKnownFileType = sourcecode.c.h; name = Client.h; path = ../../../client/Client.h; sourceTree = "<group>"; };
		6FF212781B15B691006603BB /* TcpServer.cpp */ = {isa = PBXFileReference; fileEncoding = 4; lastKnownFileType = sourcecode.cpp.cpp; name = TcpServer.cpp; path = ../../../server/TcpServer.cpp; sourceTree = "<group>"; };
		6FF212791B15B691006603BB /* TcpServer.h */ = {isa = PBXFileReference; fileEncoding = 4; lastKnownFileType = sourcecode.c.h; name = TcpServer.h; path = ../../../server/TcpServer.h; sourceTree = "<group>"; };
		6FF212801B15C03D006603BB /* Connection.cpp */ = {isa = PBXFileReference; fileEncoding = 4; lastKnownFileType = sourcecode.cpp.cpp; name = Connection.cpp; path = ../../../server/Connection.cpp; sourceTree = "<group>"; };
		6FF212811B15C03D006603BB /* Connection.h */ = {isa = PBXFileReference; fileEncoding = 4; lastKnownFileType = sourcecode.c.h; name = Connection.h; path = ../../../server/Connection.h; sourceTree = "<group>"; };
		6FF746F11B21BB870007F34D /* HttpClient.cpp */ = {isa = PBXFileReference; fileEncoding = 4; lastKnownFileType = sourcecode.cpp.cpp; name = HttpClient.cpp; path = ../../../client/HttpClient.cpp; sourceTree = "<group>"; };
		6FF746F21B21BB870007F34D /* HttpClient.h */ = {isa = PBXFileReference; fileEncoding = 4; lastKnownFileType = sourcecode.c.h; name = HttpClient.h; path = ../../../client/HttpClient.h; sourceTree = "<group>"; };
		6FF747691B26E5590007F34D /* HttpTest.cpp */ = {isa = PBXFileReference; fileEncoding = 4; lastKnownFileType = sourcecode.cpp.cpp; name = HttpTest.cpp; path = ../../../server/HttpTest.cpp; sourceTree = "<group>"; };
		6FF7476A1B26E5590007F34D /* HttpTest.h */ = {isa = PBXFileReference; fileEncoding = 4; lastKnownFileType = sourcecode.c.h; name = HttpTest.h; path = ../../../server/HttpTest.h; sourceTree = "<group>"; };
		6FF7478F1B297F760007F34D /* WsTest.cpp */ = {isa = PBXFileReference; fileEncoding = 4; lastKnownFileType = sourcecode.cpp.cpp; name = WsTest.cpp; path = ../../../server/WsTest.cpp; sourceTree = "<group>"; };
		6FF747901B297F760007F34D /* WsTest.h */ = {isa = PBXFileReference; fileEncoding = 4; lastKnownFileType = sourcecode.c.h; name = WsTest.h; path = ../../../server/WsTest.h; sourceTree = "<group>"; };
		6FF747921B2981D50007F34D /* WsClient.cpp */ = {isa = PBXFileReference; fileEncoding = 4; lastKnownFileType = sourcecode.cpp.cpp; name = WsClient.cpp; path = ../../../client/WsClient.cpp; sourceTree = "<group>"; };
		6FF747931B2981D50007F34D /* WsClient.h */ = {isa = PBXFileReference; fileEncoding = 4; lastKnownFileType = sourcecode.c.h; name = WsClient.h; path = ../../../client/WsClient.h; sourceTree = "<group>"; };
/* End PBXFileReference section */

/* Begin PBXFrameworksBuildPhase section */
		6FF211AC1B155298006603BB /* Frameworks */ = {
			isa = PBXFrameworksBuildPhase;
			buildActionMask = 2147483647;
			files = (
				6F29765E1B311D5900EB467D /* kuma.dylib in Frameworks */,
			);
			runOnlyForDeploymentPostprocessing = 0;
		};
		6FF211B81B1552AA006603BB /* Frameworks */ = {
			isa = PBXFrameworksBuildPhase;
			buildActionMask = 2147483647;
			files = (
				6F29765F1B311D5900EB467D /* kuma.dylib in Frameworks */,
			);
			runOnlyForDeploymentPostprocessing = 0;
		};
/* End PBXFrameworksBuildPhase section */

/* Begin PBXGroup section */
		6FF211A41B1551CD006603BB = {
			isa = PBXGroup;
			children = (
				6F29765D1B311D5900EB467D /* kuma.dylib */,
				6FF211B11B155298006603BB /* client */,
				6FF211BC1B1552AA006603BB /* server */,
				6FF211B01B155298006603BB /* Products */,
			);
			sourceTree = "<group>";
		};
		6FF211B01B155298006603BB /* Products */ = {
			isa = PBXGroup;
			children = (
				6FF211AF1B155298006603BB /* client */,
				6FF211BB1B1552AA006603BB /* server */,
			);
			name = Products;
			sourceTree = "<group>";
		};
		6FF211B11B155298006603BB /* client */ = {
			isa = PBXGroup;
			children = (
				6F2975E41B301A6100EB467D /* LoopPool.cpp */,
				6F2975E51B301A6100EB467D /* LoopPool.h */,
				6F2975E61B301A6100EB467D /* TestLoop.cpp */,
				6F2975E71B301A6100EB467D /* TestLoop.h */,
				6FF747921B2981D50007F34D /* WsClient.cpp */,
				6FF747931B2981D50007F34D /* WsClient.h */,
				6FF746F11B21BB870007F34D /* HttpClient.cpp */,
				6FF746F21B21BB870007F34D /* HttpClient.h */,
				6F2D40421B1877A500E24928 /* UdpClient.cpp */,
				6F2D40431B1877A600E24928 /* UdpClient.h */,
				6FF2123D1B15A18D006603BB /* Client.cpp */,
				6FF2123E1B15A18D006603BB /* Client.h */,
				6FF211C21B1553C6006603BB /* main.cpp */,
			);
			path = client;
			sourceTree = "<group>";
		};
		6FF211BC1B1552AA006603BB /* server */ = {
			isa = PBXGroup;
			children = (
				6F2975B01B30101B00EB467D /* LoopPool.cpp */,
				6F2975B11B30101B00EB467D /* LoopPool.h */,
				6F2975611B2ECE8A00EB467D /* TestLoop.cpp */,
				6F2975621B2ECE8A00EB467D /* TestLoop.h */,
				6FF7478F1B297F760007F34D /* WsTest.cpp */,
				6FF747901B297F760007F34D /* WsTest.h */,
				6FF747691B26E5590007F34D /* HttpTest.cpp */,
				6FF7476A1B26E5590007F34D /* HttpTest.h */,
				6F2D403F1B1875DB00E24928 /* UdpServer.cpp */,
				6F2D40401B1875DB00E24928 /* UdpServer.h */,
				6FF212801B15C03D006603BB /* Connection.cpp */,
				6FF212811B15C03D006603BB /* Connection.h */,
				6FF212781B15B691006603BB /* TcpServer.cpp */,
				6FF212791B15B691006603BB /* TcpServer.h */,
				6FF211C41B1553D3006603BB /* main.cpp */,
			);
			path = server;
			sourceTree = "<group>";
		};
/* End PBXGroup section */

/* Begin PBXNativeTarget section */
		6FF211AE1B155298006603BB /* client */ = {
			isa = PBXNativeTarget;
			buildConfigurationList = 6FF211B61B155298006603BB /* Build configuration list for PBXNativeTarget "client" */;
			buildPhases = (
				6FF211AB1B155298006603BB /* Sources */,
				6FF211AC1B155298006603BB /* Frameworks */,
				6FF211AD1B155298006603BB /* CopyFiles */,
			);
			buildRules = (
			);
			dependencies = (
			);
			name = client;
			productName = client;
			productReference = 6FF211AF1B155298006603BB /* client */;
			productType = "com.apple.product-type.tool";
		};
		6FF211BA1B1552AA006603BB /* server */ = {
			isa = PBXNativeTarget;
			buildConfigurationList = 6FF211BF1B1552AA006603BB /* Build configuration list for PBXNativeTarget "server" */;
			buildPhases = (
				6FF211B71B1552AA006603BB /* Sources */,
				6FF211B81B1552AA006603BB /* Frameworks */,
				6FF211B91B1552AA006603BB /* CopyFiles */,
			);
			buildRules = (
			);
			dependencies = (
			);
			name = server;
			productName = server;
			productReference = 6FF211BB1B1552AA006603BB /* server */;
			productType = "com.apple.product-type.tool";
		};
/* End PBXNativeTarget section */

/* Begin PBXProject section */
		6FF211A51B1551CD006603BB /* Project object */ = {
			isa = PBXProject;
			attributes = {
				LastUpgradeCheck = 0630;
				TargetAttributes = {
					6FF211AE1B155298006603BB = {
						CreatedOnToolsVersion = 6.3.1;
					};
					6FF211BA1B1552AA006603BB = {
						CreatedOnToolsVersion = 6.3.1;
					};
				};
			};
			buildConfigurationList = 6FF211A81B1551CD006603BB /* Build configuration list for PBXProject "kmtest" */;
			compatibilityVersion = "Xcode 3.2";
			developmentRegion = English;
			hasScannedForEncodings = 0;
			knownRegions = (
				en,
			);
			mainGroup = 6FF211A41B1551CD006603BB;
			productRefGroup = 6FF211B01B155298006603BB /* Products */;
			projectDirPath = "";
			projectRoot = "";
			targets = (
				6FF211AE1B155298006603BB /* client */,
				6FF211BA1B1552AA006603BB /* server */,
			);
		};
/* End PBXProject section */

/* Begin PBXSourcesBuildPhase section */
		6FF211AB1B155298006603BB /* Sources */ = {
			isa = PBXSourcesBuildPhase;
			buildActionMask = 2147483647;
			files = (
				6F2D40441B1877A600E24928 /* UdpClient.cpp in Sources */,
				6FF2123F1B15A18D006603BB /* Client.cpp in Sources */,
				6F2975E91B301A6100EB467D /* TestLoop.cpp in Sources */,
				6FF746F31B21BB870007F34D /* HttpClient.cpp in Sources */,
				6F2975E81B301A6100EB467D /* LoopPool.cpp in Sources */,
				6FF211C31B1553C6006603BB /* main.cpp in Sources */,
				6FF747941B2981D50007F34D /* WsClient.cpp in Sources */,
			);
			runOnlyForDeploymentPostprocessing = 0;
		};
		6FF211B71B1552AA006603BB /* Sources */ = {
			isa = PBXSourcesBuildPhase;
			buildActionMask = 2147483647;
			files = (
				6FF2127A1B15B691006603BB /* TcpServer.cpp in Sources */,
				6F2975B21B30101B00EB467D /* LoopPool.cpp in Sources */,
				6FF7476B1B26E5590007F34D /* HttpTest.cpp in Sources */,
				6F2975631B2ECE8A00EB467D /* TestLoop.cpp in Sources */,
				6FF211C51B1553D3006603BB /* main.cpp in Sources */,
				6FF212821B15C03D006603BB /* Connection.cpp in Sources */,
				6F2D40411B1875DB00E24928 /* UdpServer.cpp in Sources */,
				6FF747911B297F760007F34D /* WsTest.cpp in Sources */,
			);
			runOnlyForDeploymentPostprocessing = 0;
		};
/* End PBXSourcesBuildPhase section */

/* Begin XCBuildConfiguration section */
		6FF211A91B1551CD006603BB /* Debug */ = {
			isa = XCBuildConfiguration;
			buildSettings = {
			};
			name = Debug;
		};
		6FF211AA1B1551CD006603BB /* Release */ = {
			isa = XCBuildConfiguration;
			buildSettings = {
			};
			name = Release;
		};
		6FF211B41B155298006603BB /* Debug */ = {
			isa = XCBuildConfiguration;
			buildSettings = {
				ALWAYS_SEARCH_USER_PATHS = NO;
				CLANG_CXX_LANGUAGE_STANDARD = "gnu++0x";
				CLANG_CXX_LIBRARY = "libc++";
				CLANG_ENABLE_MODULES = YES;
				CLANG_ENABLE_OBJC_ARC = YES;
				CLANG_WARN_BOOL_CONVERSION = YES;
				CLANG_WARN_CONSTANT_CONVERSION = YES;
				CLANG_WARN_DIRECT_OBJC_ISA_USAGE = YES_ERROR;
				CLANG_WARN_EMPTY_BODY = YES;
				CLANG_WARN_ENUM_CONVERSION = YES;
				CLANG_WARN_INT_CONVERSION = YES;
				CLANG_WARN_OBJC_ROOT_CLASS = YES_ERROR;
				CLANG_WARN_UNREACHABLE_CODE = YES;
				CLANG_WARN__DUPLICATE_METHOD_MATCH = YES;
				COPY_PHASE_STRIP = NO;
				DEBUG_INFORMATION_FORMAT = dwarf;
				ENABLE_STRICT_OBJC_MSGSEND = YES;
				GCC_C_LANGUAGE_STANDARD = gnu99;
				GCC_DYNAMIC_NO_PIC = NO;
				GCC_NO_COMMON_BLOCKS = YES;
				GCC_OPTIMIZATION_LEVEL = 0;
				GCC_PREPROCESSOR_DEFINITIONS = (
					"DEBUG=1",
					"$(inherited)",
				);
				GCC_SYMBOLS_PRIVATE_EXTERN = NO;
				GCC_WARN_64_TO_32_BIT_CONVERSION = YES;
				GCC_WARN_ABOUT_RETURN_TYPE = YES_ERROR;
				GCC_WARN_UNDECLARED_SELECTOR = YES;
				GCC_WARN_UNINITIALIZED_AUTOS = YES_AGGRESSIVE;
				GCC_WARN_UNUSED_FUNCTION = YES;
				GCC_WARN_UNUSED_VARIABLE = YES;
				LIBRARY_SEARCH_PATHS = (
					"$(inherited)",
					../../../bin/osx/Debug,
					/Users/folkib/work/mygit/kmtest/bin/client/osx/Debug,
					/Users/folkib/work/mygit/kuma/bin/osx/Debug,
				);
				MACOSX_DEPLOYMENT_TARGET = 10.10;
				MTL_ENABLE_DEBUG_INFO = YES;
				OBJROOT = ../../objs/client/osx;
				ONLY_ACTIVE_ARCH = YES;
				PRODUCT_NAME = "$(TARGET_NAME)";
				SDKROOT = macosx;
				SYMROOT = ../../../bin/osx;
				USER_HEADER_SEARCH_PATHS = ../../../src;
			};
			name = Debug;
		};
		6FF211B51B155298006603BB /* Release */ = {
			isa = XCBuildConfiguration;
			buildSettings = {
				ALWAYS_SEARCH_USER_PATHS = NO;
				CLANG_CXX_LANGUAGE_STANDARD = "gnu++0x";
				CLANG_CXX_LIBRARY = "libc++";
				CLANG_ENABLE_MODULES = YES;
				CLANG_ENABLE_OBJC_ARC = YES;
				CLANG_WARN_BOOL_CONVERSION = YES;
				CLANG_WARN_CONSTANT_CONVERSION = YES;
				CLANG_WARN_DIRECT_OBJC_ISA_USAGE = YES_ERROR;
				CLANG_WARN_EMPTY_BODY = YES;
				CLANG_WARN_ENUM_CONVERSION = YES;
				CLANG_WARN_INT_CONVERSION = YES;
				CLANG_WARN_OBJC_ROOT_CLASS = YES_ERROR;
				CLANG_WARN_UNREACHABLE_CODE = YES;
				CLANG_WARN__DUPLICATE_METHOD_MATCH = YES;
				COPY_PHASE_STRIP = NO;
				DEBUG_INFORMATION_FORMAT = "dwarf-with-dsym";
				ENABLE_NS_ASSERTIONS = NO;
				ENABLE_STRICT_OBJC_MSGSEND = YES;
				GCC_C_LANGUAGE_STANDARD = gnu99;
				GCC_NO_COMMON_BLOCKS = YES;
				GCC_WARN_64_TO_32_BIT_CONVERSION = YES;
				GCC_WARN_ABOUT_RETURN_TYPE = YES_ERROR;
				GCC_WARN_UNDECLARED_SELECTOR = YES;
				GCC_WARN_UNINITIALIZED_AUTOS = YES_AGGRESSIVE;
				GCC_WARN_UNUSED_FUNCTION = YES;
				GCC_WARN_UNUSED_VARIABLE = YES;
				LIBRARY_SEARCH_PATHS = (
					"$(inherited)",
					../../../bin/osx/Debug,
					/Users/folkib/work/mygit/kmtest/bin/client/osx/Debug,
					/Users/folkib/work/mygit/kuma/bin/osx/Debug,
				);
				MACOSX_DEPLOYMENT_TARGET = 10.10;
				MTL_ENABLE_DEBUG_INFO = NO;
				OBJROOT = ../../objs/client/osx;
				PRODUCT_NAME = "$(TARGET_NAME)";
				SDKROOT = macosx;
				SYMROOT = ../../../bin/osx;
				USER_HEADER_SEARCH_PATHS = ../../../src;
			};
			name = Release;
		};
		6FF211C01B1552AA006603BB /* Debug */ = {
			isa = XCBuildConfiguration;
			buildSettings = {
				ALWAYS_SEARCH_USER_PATHS = NO;
				CLANG_CXX_LANGUAGE_STANDARD = "gnu++0x";
				CLANG_CXX_LIBRARY = "libc++";
				CLANG_ENABLE_MODULES = YES;
				CLANG_ENABLE_OBJC_ARC = YES;
				CLANG_WARN_BOOL_CONVERSION = YES;
				CLANG_WARN_CONSTANT_CONVERSION = YES;
				CLANG_WARN_DIRECT_OBJC_ISA_USAGE = YES_ERROR;
				CLANG_WARN_EMPTY_BODY = YES;
				CLANG_WARN_ENUM_CONVERSION = YES;
				CLANG_WARN_INT_CONVERSION = YES;
				CLANG_WARN_OBJC_ROOT_CLASS = YES_ERROR;
				CLANG_WARN_UNREACHABLE_CODE = YES;
				CLANG_WARN__DUPLICATE_METHOD_MATCH = YES;
				COPY_PHASE_STRIP = NO;
				DEBUG_INFORMATION_FORMAT = dwarf;
				ENABLE_STRICT_OBJC_MSGSEND = YES;
				GCC_C_LANGUAGE_STANDARD = gnu99;
				GCC_DYNAMIC_NO_PIC = NO;
				GCC_NO_COMMON_BLOCKS = YES;
				GCC_OPTIMIZATION_LEVEL = 0;
				GCC_PREPROCESSOR_DEFINITIONS = (
					"DEBUG=1",
					"$(inherited)",
				);
				GCC_SYMBOLS_PRIVATE_EXTERN = NO;
				GCC_WARN_64_TO_32_BIT_CONVERSION = YES;
				GCC_WARN_ABOUT_RETURN_TYPE = YES_ERROR;
				GCC_WARN_UNDECLARED_SELECTOR = YES;
				GCC_WARN_UNINITIALIZED_AUTOS = YES_AGGRESSIVE;
				GCC_WARN_UNUSED_FUNCTION = YES;
				GCC_WARN_UNUSED_VARIABLE = YES;
				LIBRARY_SEARCH_PATHS = (
					"$(inherited)",
					../../../bin/osx/Debug,
					/Users/folkib/work/mygit/kuma/bin/osx/Debug,
				);
				MACOSX_DEPLOYMENT_TARGET = 10.10;
				MTL_ENABLE_DEBUG_INFO = YES;
				OBJROOT = ../../objs/server/osx;
				ONLY_ACTIVE_ARCH = YES;
				PRODUCT_NAME = "$(TARGET_NAME)";
				SDKROOT = macosx;
				SYMROOT = ../../../bin/osx;
				USER_HEADER_SEARCH_PATHS = ../../../src;
			};
			name = Debug;
		};
		6FF211C11B1552AA006603BB /* Release */ = {
			isa = XCBuildConfiguration;
			buildSettings = {
				ALWAYS_SEARCH_USER_PATHS = NO;
				CLANG_CXX_LANGUAGE_STANDARD = "gnu++0x";
				CLANG_CXX_LIBRARY = "libc++";
				CLANG_ENABLE_MODULES = YES;
				CLANG_ENABLE_OBJC_ARC = YES;
				CLANG_WARN_BOOL_CONVERSION = YES;
				CLANG_WARN_CONSTANT_CONVERSION = YES;
				CLANG_WARN_DIRECT_OBJC_ISA_USAGE = YES_ERROR;
				CLANG_WARN_EMPTY_BODY = YES;
				CLANG_WARN_ENUM_CONVERSION = YES;
				CLANG_WARN_INT_CONVERSION = YES;
				CLANG_WARN_OBJC_ROOT_CLASS = YES_ERROR;
				CLANG_WARN_UNREACHABLE_CODE = YES;
				CLANG_WARN__DUPLICATE_METHOD_MATCH = YES;
				COPY_PHASE_STRIP = NO;
				DEBUG_INFORMATION_FORMAT = "dwarf-with-dsym";
				ENABLE_NS_ASSERTIONS = NO;
				ENABLE_STRICT_OBJC_MSGSEND = YES;
				GCC_C_LANGUAGE_STANDARD = gnu99;
				GCC_NO_COMMON_BLOCKS = YES;
				GCC_WARN_64_TO_32_BIT_CONVERSION = YES;
				GCC_WARN_ABOUT_RETURN_TYPE = YES_ERROR;
				GCC_WARN_UNDECLARED_SELECTOR = YES;
				GCC_WARN_UNINITIALIZED_AUTOS = YES_AGGRESSIVE;
				GCC_WARN_UNUSED_FUNCTION = YES;
				GCC_WARN_UNUSED_VARIABLE = YES;
				LIBRARY_SEARCH_PATHS = (
					"$(inherited)",
					../../../bin/osx/Debug,
					/Users/folkib/work/mygit/kuma/bin/osx/Debug,
				);
				MACOSX_DEPLOYMENT_TARGET = 10.10;
				MTL_ENABLE_DEBUG_INFO = NO;
				OBJROOT = ../../objs/server/osx;
				PRODUCT_NAME = "$(TARGET_NAME)";
				SDKROOT = macosx;
				SYMROOT = ../../../bin/osx;
				USER_HEADER_SEARCH_PATHS = ../../../src;
			};
			name = Release;
		};
/* End XCBuildConfiguration section */

/* Begin XCConfigurationList section */
		6FF211A81B1551CD006603BB /* Build configuration list for PBXProject "kmtest" */ = {
			isa = XCConfigurationList;
			buildConfigurations = (
				6FF211A91B1551CD006603BB /* Debug */,
				6FF211AA1B1551CD006603BB /* Release */,
			);
			defaultConfigurationIsVisible = 0;
			defaultConfigurationName = Release;
		};
		6FF211B61B155298006603BB /* Build configuration list for PBXNativeTarget "client" */ = {
			isa = XCConfigurationList;
			buildConfigurations = (
				6FF211B41B155298006603BB /* Debug */,
				6FF211B51B155298006603BB /* Release */,
			);
			defaultConfigurationIsVisible = 0;
			defaultConfigurationName = Release;
		};
		6FF211BF1B1552AA006603BB /* Build configuration list for PBXNativeTarget "server" */ = {
			isa = XCConfigurationList;
			buildConfigurations = (
				6FF211C01B1552AA006603BB /* Debug */,
				6FF211C11B1552AA006603BB /* Release */,
			);
			defaultConfigurationIsVisible = 0;
			defaultConfigurationName = Release;
		};
/* End XCConfigurationList section */
	};
	rootObject = 6FF211A51B1551CD006603BB /* Project object */;
}
