<?xml version="1.0" encoding="utf-8"?>
<Project ToolsVersion="4.0" xmlns="http://schemas.microsoft.com/developer/msbuild/2003">
  <ItemGroup>
    <Filter Include="Source Files">
      <UniqueIdentifier>{4FC737F1-C7A5-4376-A066-2A32D752A2FF}</UniqueIdentifier>
      <Extensions>cpp;c;cc;cxx;def;odl;idl;hpj;bat;asm;asmx</Extensions>
    </Filter>
    <Filter Include="Header Files">
      <UniqueIdentifier>{93995380-89BD-4b04-88EB-625FBE52EBFB}</UniqueIdentifier>
      <Extensions>h;hh;hpp;hxx;hm;inl;inc;xsd</Extensions>
    </Filter>
    <Filter Include="Resource Files">
      <UniqueIdentifier>{67DA6AB6-F800-4c08-8B7A-83BB121AAD01}</UniqueIdentifier>
      <Extensions>rc;ico;cur;bmp;dlg;rc2;rct;bin;rgs;gif;jpg;jpeg;jpe;resx;tiff;tif;png;wav;mfcribbon-ms</Extensions>
    </Filter>
    <Filter Include="Source Files\http">
      <UniqueIdentifier>{9fbde78f-7218-46f8-9883-743689ad57cd}</UniqueIdentifier>
    </Filter>
    <Filter Include="Header Files\http">
      <UniqueIdentifier>{763a1eba-8c74-4385-afb6-d53667fe008e}</UniqueIdentifier>
    </Filter>
    <Filter Include="Source Files\ssl">
      <UniqueIdentifier>{e5f749f8-ebca-4342-afd6-a355908d0e0b}</UniqueIdentifier>
    </Filter>
    <Filter Include="Source Files\ws">
      <UniqueIdentifier>{390b57f8-8452-430e-946a-c3c9274a01bf}</UniqueIdentifier>
    </Filter>
    <Filter Include="Source Files\poll">
      <UniqueIdentifier>{c7f6f436-5bb4-4ec3-bdd6-0f82dbfb58bb}</UniqueIdentifier>
    </Filter>
    <Filter Include="Source Files\util">
      <UniqueIdentifier>{681ba974-a1b3-475b-b186-265aa73590d8}</UniqueIdentifier>
    </Filter>
    <Filter Include="Source Files\http\v2">
      <UniqueIdentifier>{39508951-0bf2-4dc5-b8f8-2615ea6b505c}</UniqueIdentifier>
    </Filter>
    <Filter Include="Source Files\http\v2\hpack">
      <UniqueIdentifier>{04cf6713-0b38-4415-b716-26da06f29cb5}</UniqueIdentifier>
    </Filter>
    <Filter Include="Header Files\http\v2">
      <UniqueIdentifier>{b4a84ebf-8bb4-4462-99d8-5fe2fa66cffb}</UniqueIdentifier>
    </Filter>
    <Filter Include="Header Files\http\v2\hpack">
      <UniqueIdentifier>{1c609ba5-82eb-4ec7-8ea8-30b6baa59af4}</UniqueIdentifier>
    </Filter>
    <Filter Include="Header Files\ssl">
      <UniqueIdentifier>{4e93771b-372b-4455-b390-7df045744bb7}</UniqueIdentifier>
    </Filter>
    <Filter Include="Header Files\ws">
      <UniqueIdentifier>{ccf0017a-180c-49b5-b98a-f479c60ee8e9}</UniqueIdentifier>
    </Filter>
    <Filter Include="Header Files\util">
      <UniqueIdentifier>{7c11836c-7761-4c7a-8d0e-c8f661e4e03b}</UniqueIdentifier>
    </Filter>
    <Filter Include="Header Files\poll">
      <UniqueIdentifier>{11158e84-2c8f-4a8b-9613-8b47abf79440}</UniqueIdentifier>
    </Filter>
    <Filter Include="Source Files\iocp">
      <UniqueIdentifier>{4719f598-9233-4eda-b9e5-9f13e85a07d4}</UniqueIdentifier>
    </Filter>
    <Filter Include="Header Files\iocp">
      <UniqueIdentifier>{72369736-9295-4043-9abb-0347b03c95f2}</UniqueIdentifier>
    </Filter>
    <Filter Include="Source Files\ws\exts">
      <UniqueIdentifier>{17d4254d-de26-4d30-8894-e4d50b2cbc19}</UniqueIdentifier>
    </Filter>
    <Filter Include="Source Files\zlib">
      <UniqueIdentifier>{1d0973ec-b28d-4023-a08f-4e10a4b27126}</UniqueIdentifier>
    </Filter>
    <Filter Include="Source Files\compr">
      <UniqueIdentifier>{32bb0506-8263-4fc2-a942-64672c48b332}</UniqueIdentifier>
    </Filter>
  </ItemGroup>
  <ItemGroup>
    <ClCompile Include="..\..\src\EventLoopImpl.cpp">
      <Filter>Source Files</Filter>
    </ClCompile>
    <ClCompile Include="..\..\src\kmapi.cpp">
      <Filter>Source Files</Filter>
    </ClCompile>
    <ClCompile Include="..\..\src\TcpSocketImpl.cpp">
      <Filter>Source Files</Filter>
    </ClCompile>
    <ClCompile Include="..\..\src\TimerManager.cpp">
      <Filter>Source Files</Filter>
    </ClCompile>
    <ClCompile Include="..\..\src\UdpSocketImpl.cpp">
      <Filter>Source Files</Filter>
    </ClCompile>
    <ClCompile Include="..\..\src\http\HttpRequestImpl.cpp">
      <Filter>Source Files\http</Filter>
    </ClCompile>
    <ClCompile Include="..\..\src\http\Uri.cpp">
      <Filter>Source Files\http</Filter>
    </ClCompile>
    <ClCompile Include="..\..\src\http\HttpResponseImpl.cpp">
      <Filter>Source Files\http</Filter>
    </ClCompile>
    <ClCompile Include="..\..\src\http\HttpParserImpl.cpp">
      <Filter>Source Files\http</Filter>
    </ClCompile>
    <ClCompile Include="..\..\src\ssl\OpenSslLib.cpp">
      <Filter>Source Files\ssl</Filter>
    </ClCompile>
    <ClCompile Include="..\..\src\ws\WSHandler.cpp">
      <Filter>Source Files\ws</Filter>
    </ClCompile>
    <ClCompile Include="..\..\src\ws\WebSocketImpl.cpp">
      <Filter>Source Files\ws</Filter>
    </ClCompile>
    <ClCompile Include="..\..\src\poll\VPoll.cpp">
      <Filter>Source Files\poll</Filter>
    </ClCompile>
    <ClCompile Include="..\..\src\poll\SelectPoll.cpp">
      <Filter>Source Files\poll</Filter>
    </ClCompile>
    <ClCompile Include="..\..\src\util\base64.cpp">
      <Filter>Source Files\util</Filter>
    </ClCompile>
    <ClCompile Include="..\..\src\util\util.cpp">
      <Filter>Source Files\util</Filter>
    </ClCompile>
    <ClCompile Include="..\..\src\util\kmtrace.cpp">
      <Filter>Source Files\util</Filter>
    </ClCompile>
    <ClCompile Include="..\..\src\TcpListenerImpl.cpp">
      <Filter>Source Files</Filter>
    </ClCompile>
    <ClCompile Include="..\..\src\http\v2\FrameParser.cpp">
      <Filter>Source Files\http\v2</Filter>
    </ClCompile>
    <ClCompile Include="..\..\src\http\v2\H2ConnectionImpl.cpp">
      <Filter>Source Files\http\v2</Filter>
    </ClCompile>
    <ClCompile Include="..\..\src\http\v2\H2ConnectionMgr.cpp">
      <Filter>Source Files\http\v2</Filter>
    </ClCompile>
    <ClCompile Include="..\..\src\http\v2\H2Frame.cpp">
      <Filter>Source Files\http\v2</Filter>
    </ClCompile>
    <ClCompile Include="..\..\src\http\v2\H2Stream.cpp">
      <Filter>Source Files\http\v2</Filter>
    </ClCompile>
    <ClCompile Include="..\..\src\TcpConnection.cpp">
      <Filter>Source Files</Filter>
    </ClCompile>
    <ClCompile Include="..\..\src\http\v2\hpack\HPacker.cpp">
      <Filter>Source Files\http\v2\hpack</Filter>
    </ClCompile>
    <ClCompile Include="..\..\src\http\v2\hpack\HPackTable.cpp">
      <Filter>Source Files\http\v2\hpack</Filter>
    </ClCompile>
    <ClCompile Include="..\..\src\poll\Notifier.cpp">
      <Filter>Source Files\poll</Filter>
    </ClCompile>
    <ClCompile Include="..\..\src\http\Http1xRequest.cpp">
      <Filter>Source Files\http</Filter>
    </ClCompile>
    <ClCompile Include="..\..\src\http\v2\Http2Request.cpp">
      <Filter>Source Files\http\v2</Filter>
    </ClCompile>
    <ClCompile Include="..\..\src\http\v2\Http2Response.cpp">
      <Filter>Source Files\http\v2</Filter>
    </ClCompile>
    <ClCompile Include="..\..\src\http\Http1xResponse.cpp">
      <Filter>Source Files\http</Filter>
    </ClCompile>
    <ClCompile Include="..\..\src\http\v2\FlowControl.cpp">
      <Filter>Source Files\http\v2</Filter>
    </ClCompile>
    <ClCompile Include="..\..\src\http\HttpMessage.cpp">
      <Filter>Source Files\http</Filter>
    </ClCompile>
    <ClCompile Include="..\..\src\http\HttpHeader.cpp">
      <Filter>Source Files\http</Filter>
    </ClCompile>
    <ClCompile Include="..\..\src\DnsResolver.cpp">
      <Filter>Source Files</Filter>
    </ClCompile>
    <ClCompile Include="..\..\src\poll\IocpPoll.cpp">
      <Filter>Source Files\poll</Filter>
    </ClCompile>
    <ClCompile Include="..\..\src\ssl\BioHandler.cpp">
      <Filter>Source Files\ssl</Filter>
    </ClCompile>
    <ClCompile Include="..\..\src\SocketBase.cpp">
      <Filter>Source Files</Filter>
    </ClCompile>
    <ClCompile Include="..\..\src\ssl\SioHandler.cpp">
      <Filter>Source Files\ssl</Filter>
    </ClCompile>
    <ClCompile Include="..\..\src\ssl\SslHandler.cpp">
      <Filter>Source Files\ssl</Filter>
    </ClCompile>
    <ClCompile Include="..\..\src\AcceptorBase.cpp">
      <Filter>Source Files</Filter>
    </ClCompile>
    <ClCompile Include="..\..\src\UdpSocketBase.cpp">
      <Filter>Source Files</Filter>
    </ClCompile>
    <ClCompile Include="..\..\src\iocp\IocpAcceptor.cpp">
      <Filter>Source Files\iocp</Filter>
    </ClCompile>
    <ClCompile Include="..\..\src\iocp\IocpSocket.cpp">
      <Filter>Source Files\iocp</Filter>
    </ClCompile>
    <ClCompile Include="..\..\src\iocp\IocpUdpSocket.cpp">
      <Filter>Source Files\iocp</Filter>
    </ClCompile>
    <ClCompile Include="..\..\src\http\v2\PushClient.cpp">
      <Filter>Source Files\http\v2</Filter>
    </ClCompile>
    <ClCompile Include="..\..\src\http\HttpCache.cpp">
      <Filter>Source Files\http</Filter>
    </ClCompile>
    <ClCompile Include="..\..\src\http\v2\h2utils.cpp">
      <Filter>Source Files\http\v2</Filter>
    </ClCompile>
    <ClCompile Include="..\..\src\ws\exts\ExtensionHandler.cpp">
      <Filter>Source Files\ws\exts</Filter>
    </ClCompile>
    <ClCompile Include="..\..\src\ws\exts\PMCE_Base.cpp">
      <Filter>Source Files\ws\exts</Filter>
    </ClCompile>
    <ClCompile Include="..\..\src\ws\exts\PMCE_Deflate.cpp">
      <Filter>Source Files\ws\exts</Filter>
    </ClCompile>
    <ClCompile Include="..\..\src\ws\exts\WSExtension.cpp">
      <Filter>Source Files\ws\exts</Filter>
    </ClCompile>
    <ClCompile Include="..\..\vendor\zlib\adler32.c">
      <Filter>Source Files\zlib</Filter>
    </ClCompile>
    <ClCompile Include="..\..\vendor\zlib\compress.c">
      <Filter>Source Files\zlib</Filter>
    </ClCompile>
    <ClCompile Include="..\..\vendor\zlib\crc32.c">
      <Filter>Source Files\zlib</Filter>
    </ClCompile>
    <ClCompile Include="..\..\vendor\zlib\deflate.c">
      <Filter>Source Files\zlib</Filter>
    </ClCompile>
    <ClCompile Include="..\..\vendor\zlib\infback.c">
      <Filter>Source Files\zlib</Filter>
    </ClCompile>
    <ClCompile Include="..\..\vendor\zlib\inffast.c">
      <Filter>Source Files\zlib</Filter>
    </ClCompile>
    <ClCompile Include="..\..\vendor\zlib\inflate.c">
      <Filter>Source Files\zlib</Filter>
    </ClCompile>
    <ClCompile Include="..\..\vendor\zlib\inftrees.c">
      <Filter>Source Files\zlib</Filter>
    </ClCompile>
    <ClCompile Include="..\..\vendor\zlib\trees.c">
      <Filter>Source Files\zlib</Filter>
    </ClCompile>
    <ClCompile Include="..\..\vendor\zlib\uncompr.c">
      <Filter>Source Files\zlib</Filter>
    </ClCompile>
    <ClCompile Include="..\..\vendor\zlib\zutil.c">
      <Filter>Source Files\zlib</Filter>
    </ClCompile>
    <ClCompile Include="..\..\src\compr\compr.cpp">
      <Filter>Source Files\compr</Filter>
    </ClCompile>
    <ClCompile Include="..\..\src\compr\compr_zlib.cpp">
      <Filter>Source Files\compr</Filter>
    </ClCompile>
    <ClCompile Include="..\..\src\http\httputils.cpp">
      <Filter>Source Files\http</Filter>
    </ClCompile>
    <ClCompile Include="..\..\src\http\v2\H2StreamProxy.cpp">
      <Filter>Source Files\http\v2</Filter>
    </ClCompile>
    <ClCompile Include="..\..\src\ws\WSConnection.cpp">
      <Filter>Source Files\ws</Filter>
    </ClCompile>
    <ClCompile Include="..\..\src\ws\WSConnection_v1.cpp">
      <Filter>Source Files\ws</Filter>
    </ClCompile>
    <ClCompile Include="..\..\src\ws\WSConnection_v2.cpp">
      <Filter>Source Files\ws</Filter>
    </ClCompile>
  </ItemGroup>
  <ItemGroup>
    <ClInclude Include="..\..\src\kmconf.h">
      <Filter>Header Files</Filter>
    </ClInclude>
    <ClInclude Include="..\..\src\kmdefs.h">
      <Filter>Header Files</Filter>
    </ClInclude>
    <ClInclude Include="..\..\src\evdefs.h">
      <Filter>Header Files</Filter>
    </ClInclude>
    <ClInclude Include="..\..\src\EventLoopImpl.h">
      <Filter>Header Files</Filter>
    </ClInclude>
    <ClInclude Include="..\..\src\kmapi.h">
      <Filter>Header Files</Filter>
    </ClInclude>
    <ClInclude Include="..\..\src\TcpSocketImpl.h">
      <Filter>Header Files</Filter>
    </ClInclude>
    <ClInclude Include="resource.h">
      <Filter>Header Files</Filter>
    </ClInclude>
    <ClInclude Include="..\..\src\TimerManager.h">
      <Filter>Header Files</Filter>
    </ClInclude>
    <ClInclude Include="..\..\src\UdpSocketImpl.h">
      <Filter>Header Files</Filter>
    </ClInclude>
    <ClInclude Include="..\..\src\http\Uri.h">
      <Filter>Header Files\http</Filter>
    </ClInclude>
    <ClInclude Include="..\..\src\http\HttpRequestImpl.h">
      <Filter>Header Files\http</Filter>
    </ClInclude>
    <ClInclude Include="..\..\src\http\HttpResponseImpl.h">
      <Filter>Header Files\http</Filter>
    </ClInclude>
    <ClInclude Include="..\..\src\http\HttpParserImpl.h">
      <Filter>Header Files\http</Filter>
    </ClInclude>
    <ClInclude Include="..\..\src\TcpListenerImpl.h">
      <Filter>Header Files</Filter>
    </ClInclude>
    <ClInclude Include="..\..\src\http\v2\FrameParser.h">
      <Filter>Header Files\http\v2</Filter>
    </ClInclude>
    <ClInclude Include="..\..\src\http\v2\H2ConnectionImpl.h">
      <Filter>Header Files\http\v2</Filter>
    </ClInclude>
    <ClInclude Include="..\..\src\http\v2\H2ConnectionMgr.h">
      <Filter>Header Files\http\v2</Filter>
    </ClInclude>
    <ClInclude Include="..\..\src\http\v2\h2defs.h">
      <Filter>Header Files\http\v2</Filter>
    </ClInclude>
    <ClInclude Include="..\..\src\http\v2\H2Frame.h">
      <Filter>Header Files\http\v2</Filter>
    </ClInclude>
    <ClInclude Include="..\..\src\http\v2\H2Stream.h">
      <Filter>Header Files\http\v2</Filter>
    </ClInclude>
    <ClInclude Include="..\..\src\TcpConnection.h">
      <Filter>Header Files</Filter>
    </ClInclude>
    <ClInclude Include="..\..\src\http\v2\hpack\hpack_huffman_table.h">
      <Filter>Header Files\http\v2\hpack</Filter>
    </ClInclude>
    <ClInclude Include="..\..\src\http\v2\hpack\HPacker.h">
      <Filter>Header Files\http\v2\hpack</Filter>
    </ClInclude>
    <ClInclude Include="..\..\src\http\v2\hpack\HPackTable.h">
      <Filter>Header Files\http\v2\hpack</Filter>
    </ClInclude>
    <ClInclude Include="..\..\src\http\v2\hpack\StaticTable.h">
      <Filter>Header Files\http\v2\hpack</Filter>
    </ClInclude>
    <ClInclude Include="..\..\src\http\Http1xRequest.h">
      <Filter>Header Files\http</Filter>
    </ClInclude>
    <ClInclude Include="..\..\src\http\v2\Http2Request.h">
      <Filter>Header Files\http\v2</Filter>
    </ClInclude>
    <ClInclude Include="..\..\src\http\v2\Http2Response.h">
      <Filter>Header Files\http\v2</Filter>
    </ClInclude>
    <ClInclude Include="..\..\src\http\Http1xResponse.h">
      <Filter>Header Files\http</Filter>
    </ClInclude>
    <ClInclude Include="..\..\src\http\v2\FlowControl.h">
      <Filter>Header Files\http\v2</Filter>
    </ClInclude>
    <ClInclude Include="..\..\src\http\HttpMessage.h">
      <Filter>Header Files\http</Filter>
    </ClInclude>
    <ClInclude Include="..\..\src\http\HttpHeader.h">
      <Filter>Header Files\http</Filter>
    </ClInclude>
    <ClInclude Include="..\..\src\DnsResolver.h">
      <Filter>Header Files</Filter>
    </ClInclude>
    <ClInclude Include="..\..\src\ssl\BioHandler.h">
      <Filter>Header Files\ssl</Filter>
    </ClInclude>
    <ClInclude Include="..\..\src\ssl\SslHandler.h">
      <Filter>Header Files\ssl</Filter>
    </ClInclude>
    <ClInclude Include="..\..\src\ssl\OpenSslLib.h">
      <Filter>Header Files\ssl</Filter>
    </ClInclude>
    <ClInclude Include="..\..\src\ws\WSHandler.h">
      <Filter>Header Files\ws</Filter>
    </ClInclude>
    <ClInclude Include="..\..\src\ws\WebSocketImpl.h">
      <Filter>Header Files\ws</Filter>
    </ClInclude>
    <ClInclude Include="..\..\src\util\util.h">
      <Filter>Header Files\util</Filter>
    </ClInclude>
    <ClInclude Include="..\..\src\util\kmtrace.h">
      <Filter>Header Files\util</Filter>
    </ClInclude>
    <ClInclude Include="..\..\src\util\kmqueue.h">
      <Filter>Header Files\util</Filter>
    </ClInclude>
    <ClInclude Include="..\..\src\util\base64.h">
      <Filter>Header Files\util</Filter>
    </ClInclude>
    <ClInclude Include="..\..\src\SocketBase.h">
      <Filter>Header Files</Filter>
    </ClInclude>
    <ClInclude Include="..\..\src\poll\IOPoll.h">
      <Filter>Header Files\poll</Filter>
    </ClInclude>
    <ClInclude Include="..\..\src\poll\Notifier.h">
      <Filter>Header Files\poll</Filter>
    </ClInclude>
    <ClInclude Include="..\..\src\util\kmobject.h">
      <Filter>Header Files\util</Filter>
    </ClInclude>
    <ClInclude Include="..\..\src\ssl\SioHandler.h">
      <Filter>Header Files\ssl</Filter>
    </ClInclude>
    <ClInclude Include="..\..\src\AcceptorBase.h">
      <Filter>Header Files</Filter>
    </ClInclude>
    <ClInclude Include="..\..\src\UdpSocketBase.h">
      <Filter>Header Files</Filter>
    </ClInclude>
    <ClInclude Include="..\..\src\iocp\Iocp.h">
      <Filter>Header Files\iocp</Filter>
    </ClInclude>
    <ClInclude Include="..\..\src\iocp\IocpAcceptor.h">
      <Filter>Header Files\iocp</Filter>
    </ClInclude>
    <ClInclude Include="..\..\src\iocp\IocpBase.h">
      <Filter>Header Files\iocp</Filter>
    </ClInclude>
    <ClInclude Include="..\..\src\iocp\IocpSocket.h">
      <Filter>Header Files\iocp</Filter>
    </ClInclude>
    <ClInclude Include="..\..\src\iocp\IocpUdpSocket.h">
      <Filter>Header Files\iocp</Filter>
    </ClInclude>
    <ClInclude Include="..\..\src\http\v2\PushClient.h">
      <Filter>Header Files\http\v2</Filter>
    </ClInclude>
    <ClInclude Include="..\..\src\http\HttpCache.h">
      <Filter>Header Files\http</Filter>
    </ClInclude>
    <ClInclude Include="..\..\src\http\v2\h2utils.h">
      <Filter>Header Files\http\v2</Filter>
    </ClInclude>
    <ClInclude Include="..\..\src\util\skbuffer.h">
      <Filter>Header Files\util</Filter>
    </ClInclude>
    <ClInclude Include="..\..\src\kmbuffer.h">
      <Filter>Header Files</Filter>
    </ClInclude>
    <ClInclude Include="..\..\vendor\zlib\zlib.h">
      <Filter>Source Files\zlib</Filter>
    </ClInclude>
    <ClInclude Include="..\..\src\compr\compr.h">
      <Filter>Source Files\compr</Filter>
    </ClInclude>
    <ClInclude Include="..\..\src\compr\compr_zlib.h">
      <Filter>Source Files\compr</Filter>
    </ClInclude>
    <ClInclude Include="..\..\src\http\httputils.h">
      <Filter>Header Files\http</Filter>
    </ClInclude>
    <ClInclude Include="..\..\src\http\v2\H2StreamProxy.h">
      <Filter>Header Files\http\v2</Filter>
    </ClInclude>
    <ClInclude Include="..\..\src\ws\WSConnection.h">
      <Filter>Header Files\ws</Filter>
    </ClInclude>
    <ClInclude Include="..\..\src\ws\WSConnection_v1.h">
      <Filter>Header Files\ws</Filter>
    </ClInclude>
    <ClInclude Include="..\..\src\ws\WSConnection_v2.h">
      <Filter>Header Files\ws</Filter>
    </ClInclude>
  </ItemGroup>
  <ItemGroup>
    <ResourceCompile Include="Resource.rc">
      <Filter>Resource Files</Filter>
    </ResourceCompile>
  </ItemGroup>
</Project>